
Microsoft Visual Studio Solution File, Format Version 12.00
# Visual Studio Version 17
VisualStudioVersion = 17.14.36414.22
MinimumVisualStudioVersion = 10.0.40219.1
Project("{8BC9CEB8-8B4A-11D0-8D11-00A0C91BC942}") = "Cpp17Examples", "Cpp17Examples\Cpp17Examples.vcxproj", "{4E9E5BD3-48CB-461D-96B9-26AB5178B021}"
EndProject
Project("{8BC9CEB8-8B4A-11D0-8D11-00A0C91BC942}") = "01_StructuredBindings", "01_StructuredBindings\01_StructuredBindings.vcxproj", "{E3F68BAD-7C26-4E3B-B3A6-8FEA0173CCD3}"
EndProject
Project("{8BC9CEB8-8B4A-11D0-8D11-00A0C91BC942}") = "01_StructuredBindingsTest", "01_StructuredBindingsTest\01_StructuredBindingsTest.vcxproj", "{BDF3956D-18DB-4415-863D-D40E64A01DA2}"
EndProject
Project("{8BC9CEB8-8B4A-11D0-8D11-00A0C91BC942}") = "02_Optional", "02_Optional\02_Optional.vcxproj", "{F3356F5E-71AC-4E37-B413-29FAAB4663A3}"
EndProject
Project("{8BC9CEB8-8B4A-11D0-8D11-00A0C91BC942}") = "02_OptionalTest", "02_OptionalTest\02_OptionalTest.vcxproj", "{2EC707E9-312B-48DB-8897-E19AEA0EE96C}"
EndProject
Project("{8BC9CEB8-8B4A-11D0-8D11-00A0C91BC942}") = "03_IfInit", "03_IfInit\03_IfInit.vcxproj", "{BD3BC29C-64D0-4723-BFE5-0AD2C2FBFD81}"
EndProject
Project("{8BC9CEB8-8B4A-11D0-8D11-00A0C91BC942}") = "03_IfInitTest", "03_IfInitTest\03_IfInitTest.vcxproj", "{DFE67FE0-7D12-4B20-AD13-C193E54AE513}"
EndProject
Project("{8BC9CEB8-8B4A-11D0-8D11-00A0C91BC942}") = "04_SwitchInit", "04_SwitchInit\04_SwitchInit.vcxproj", "{4276125F-9700-42C6-B7E8-9A182B107EEF}"
EndProject
Project("{8BC9CEB8-8B4A-11D0-8D11-00A0C91BC942}") = "04_SwitchInitTest", "04_SwitchInitTest1\04_SwitchInitTest1.vcxproj", "{A3ABCB9A-0BAB-48AC-8E2F-280CCE5A6AD0}"
EndProject
Project("{8BC9CEB8-8B4A-11D0-8D11-00A0C91BC942}") = "05_Variant", "05_Variant\05_Variant.vcxproj", "{6DAD4F57-52E6-4A88-AB8A-F08A0A70D0ED}"
EndProject
Project("{8BC9CEB8-8B4A-11D0-8D11-00A0C91BC942}") = "05_VariantTest", "05_VariantTest\05_VariantTest.vcxproj", "{C289D00C-6DFC-4DA3-94F6-1BAE50B0B0FF}"
EndProject
Project("{8BC9CEB8-8B4A-11D0-8D11-00A0C91BC942}") = "06_CTAD", "06_CTAD\06_CTAD.vcxproj", "{E477A751-735E-4FE3-A9AD-5198021B7CC3}"
EndProject
Project("{8BC9CEB8-8B4A-11D0-8D11-00A0C91BC942}") = "06_CTADTest", "06_CTADTest\06_CTADTest.vcxproj", "{1EA46A58-4F2F-45C3-B0E8-40B64DA19FB7}"
EndProject
Project("{8BC9CEB8-8B4A-11D0-8D11-00A0C91BC942}") = "07_LanguageFeatures", "07_LanguageFeatures\07_LanguageFeatures.vcxproj", "{7ED9B12D-D3C2-46A3-ABCA-23E80D7931A9}"
EndProject
Project("{8BC9CEB8-8B4A-11D0-8D11-00A0C91BC942}") = "07_LanguageFeaturesTest", "07_LanguageFeaturesTest\07_LanguageFeaturesTest.vcxproj", "{A46F27B0-C49E-4245-A810-8B62A0DA230F}"
EndProject
Project("{8BC9CEB8-8B4A-11D0-8D11-00A0C91BC942}") = "08_StringView", "08_StringView\08_StringView.vcxproj", "{6837FC8D-53A6-4AD2-8024-37E4487A9FD8}"
EndProject
Project("{8BC9CEB8-8B4A-11D0-8D11-00A0C91BC942}") = "08_StringViewTest", "08_StringViewTest\08_StringViewTest.vcxproj", "{62CFFA08-749F-427C-9D28-21E081E8B3CC}"
EndProject
Project("{8BC9CEB8-8B4A-11D0-8D11-00A0C91BC942}") = "09_MapSet", "09_MapSet\09_MapSet.vcxproj", "{D663C4ED-92EC-41BC-97E9-5CF83C1A5260}"
EndProject
Project("{8BC9CEB8-8B4A-11D0-8D11-00A0C91BC942}") = "09_MapSetTest", "09_MapSetTest\09_MapSetTest.vcxproj", "{691F5D43-EBEA-4C25-BD86-CC4513D028EC}"
EndProject
Project("{8BC9CEB8-8B4A-11D0-8D11-00A0C91BC942}") = "10_LambdaImprovements", "10_LambdaImprovements\10_LambdaImprovements.vcxproj", "{995BF78A-8DC9-4B07-9C76-F7C671C38EB7}"
EndProject
Project("{8BC9CEB8-8B4A-11D0-8D11-00A0C91BC942}") = "10_LambdaImprovementsTest", "10_LambdaImprovementsTest\10_LambdaImprovementsTest.vcxproj", "{5DBB18E0-76E7-48BF-8B09-64C1E90286C2}"
EndProject
Global
	GlobalSection(SolutionConfigurationPlatforms) = preSolution
		Debug|x64 = Debug|x64
		Debug|x86 = Debug|x86
		Release|x64 = Release|x64
		Release|x86 = Release|x86
	EndGlobalSection
	GlobalSection(ProjectConfigurationPlatforms) = postSolution
		{4E9E5BD3-48CB-461D-96B9-26AB5178B021}.Debug|x64.ActiveCfg = Debug|x64
		{4E9E5BD3-48CB-461D-96B9-26AB5178B021}.Debug|x64.Build.0 = Debug|x64
		{4E9E5BD3-48CB-461D-96B9-26AB5178B021}.Debug|x86.ActiveCfg = Debug|Win32
		{4E9E5BD3-48CB-461D-96B9-26AB5178B021}.Debug|x86.Build.0 = Debug|Win32
		{4E9E5BD3-48CB-461D-96B9-26AB5178B021}.Release|x64.ActiveCfg = Release|x64
		{4E9E5BD3-48CB-461D-96B9-26AB5178B021}.Release|x64.Build.0 = Release|x64
		{4E9E5BD3-48CB-461D-96B9-26AB5178B021}.Release|x86.ActiveCfg = Release|Win32
		{4E9E5BD3-48CB-461D-96B9-26AB5178B021}.Release|x86.Build.0 = Release|Win32
		{E3F68BAD-7C26-4E3B-B3A6-8FEA0173CCD3}.Debug|x64.ActiveCfg = Debug|x64
		{E3F68BAD-7C26-4E3B-B3A6-8FEA0173CCD3}.Debug|x64.Build.0 = Debug|x64
		{E3F68BAD-7C26-4E3B-B3A6-8FEA0173CCD3}.Debug|x86.ActiveCfg = Debug|Win32
		{E3F68BAD-7C26-4E3B-B3A6-8FEA0173CCD3}.Debug|x86.Build.0 = Debug|Win32
		{E3F68BAD-7C26-4E3B-B3A6-8FEA0173CCD3}.Release|x64.ActiveCfg = Release|x64
		{E3F68BAD-7C26-4E3B-B3A6-8FEA0173CCD3}.Release|x64.Build.0 = Release|x64
		{E3F68BAD-7C26-4E3B-B3A6-8FEA0173CCD3}.Release|x86.ActiveCfg = Release|Win32
		{E3F68BAD-7C26-4E3B-B3A6-8FEA0173CCD3}.Release|x86.Build.0 = Release|Win32
		{BDF3956D-18DB-4415-863D-D40E64A01DA2}.Debug|x64.ActiveCfg = Debug|x64
		{BDF3956D-18DB-4415-863D-D40E64A01DA2}.Debug|x64.Build.0 = Debug|x64
		{BDF3956D-18DB-4415-863D-D40E64A01DA2}.Debug|x86.ActiveCfg = Debug|Win32
		{BDF3956D-18DB-4415-863D-D40E64A01DA2}.Debug|x86.Build.0 = Debug|Win32
		{BDF3956D-18DB-4415-863D-D40E64A01DA2}.Release|x64.ActiveCfg = Release|x64
		{BDF3956D-18DB-4415-863D-D40E64A01DA2}.Release|x64.Build.0 = Release|x64
		{BDF3956D-18DB-4415-863D-D40E64A01DA2}.Release|x86.ActiveCfg = Release|Win32
		{BDF3956D-18DB-4415-863D-D40E64A01DA2}.Release|x86.Build.0 = Release|Win32
		{F3356F5E-71AC-4E37-B413-29FAAB4663A3}.Debug|x64.ActiveCfg = Debug|x64
		{F3356F5E-71AC-4E37-B413-29FAAB4663A3}.Debug|x64.Build.0 = Debug|x64
		{F3356F5E-71AC-4E37-B413-29FAAB4663A3}.Debug|x86.ActiveCfg = Debug|Win32
		{F3356F5E-71AC-4E37-B413-29FAAB4663A3}.Debug|x86.Build.0 = Debug|Win32
		{F3356F5E-71AC-4E37-B413-29FAAB4663A3}.Release|x64.ActiveCfg = Release|x64
		{F3356F5E-71AC-4E37-B413-29FAAB4663A3}.Release|x64.Build.0 = Release|x64
		{F3356F5E-71AC-4E37-B413-29FAAB4663A3}.Release|x86.ActiveCfg = Release|Win32
		{F3356F5E-71AC-4E37-B413-29FAAB4663A3}.Release|x86.Build.0 = Release|Win32
		{2EC707E9-312B-48DB-8897-E19AEA0EE96C}.Debug|x64.ActiveCfg = Debug|x64
		{2EC707E9-312B-48DB-8897-E19AEA0EE96C}.Debug|x64.Build.0 = Debug|x64
		{2EC707E9-312B-48DB-8897-E19AEA0EE96C}.Debug|x86.ActiveCfg = Debug|Win32
		{2EC707E9-312B-48DB-8897-E19AEA0EE96C}.Debug|x86.Build.0 = Debug|Win32
		{2EC707E9-312B-48DB-8897-E19AEA0EE96C}.Release|x64.ActiveCfg = Release|x64
		{2EC707E9-312B-48DB-8897-E19AEA0EE96C}.Release|x64.Build.0 = Release|x64
		{2EC707E9-312B-48DB-8897-E19AEA0EE96C}.Release|x86.ActiveCfg = Release|Win32
		{2EC707E9-312B-48DB-8897-E19AEA0EE96C}.Release|x86.Build.0 = Release|Win32
		{BD3BC29C-64D0-4723-BFE5-0AD2C2FBFD81}.Debug|x64.ActiveCfg = Debug|x64
		{BD3BC29C-64D0-4723-BFE5-0AD2C2FBFD81}.Debug|x64.Build.0 = Debug|x64
		{BD3BC29C-64D0-4723-BFE5-0AD2C2FBFD81}.Debug|x86.ActiveCfg = Debug|Win32
		{BD3BC29C-64D0-4723-BFE5-0AD2C2FBFD81}.Debug|x86.Build.0 = Debug|Win32
		{BD3BC29C-64D0-4723-BFE5-0AD2C2FBFD81}.Release|x64.ActiveCfg = Release|x64
		{BD3BC29C-64D0-4723-BFE5-0AD2C2FBFD81}.Release|x64.Build.0 = Release|x64
		{BD3BC29C-64D0-4723-BFE5-0AD2C2FBFD81}.Release|x86.ActiveCfg = Release|Win32
		{BD3BC29C-64D0-4723-BFE5-0AD2C2FBFD81}.Release|x86.Build.0 = Release|Win32
		{DFE67FE0-7D12-4B20-AD13-C193E54AE513}.Debug|x64.ActiveCfg = Debug|x64
		{DFE67FE0-7D12-4B20-AD13-C193E54AE513}.Debug|x64.Build.0 = Debug|x64
		{DFE67FE0-7D12-4B20-AD13-C193E54AE513}.Debug|x86.ActiveCfg = Debug|Win32
		{DFE67FE0-7D12-4B20-AD13-C193E54AE513}.Debug|x86.Build.0 = Debug|Win32
		{DFE67FE0-7D12-4B20-AD13-C193E54AE513}.Release|x64.ActiveCfg = Release|x64
		{DFE67FE0-7D12-4B20-AD13-C193E54AE513}.Release|x64.Build.0 = Release|x64
		{DFE67FE0-7D12-4B20-AD13-C193E54AE513}.Release|x86.ActiveCfg = Release|Win32
		{DFE67FE0-7D12-4B20-AD13-C193E54AE513}.Release|x86.Build.0 = Release|Win32
		{4276125F-9700-42C6-B7E8-9A182B107EEF}.Debug|x64.ActiveCfg = Debug|x64
		{4276125F-9700-42C6-B7E8-9A182B107EEF}.Debug|x64.Build.0 = Debug|x64
		{4276125F-9700-42C6-B7E8-9A182B107EEF}.Debug|x86.ActiveCfg = Debug|Win32
		{4276125F-9700-42C6-B7E8-9A182B107EEF}.Debug|x86.Build.0 = Debug|Win32
		{4276125F-9700-42C6-B7E8-9A182B107EEF}.Release|x64.ActiveCfg = Release|x64
		{4276125F-9700-42C6-B7E8-9A182B107EEF}.Release|x64.Build.0 = Release|x64
		{4276125F-9700-42C6-B7E8-9A182B107EEF}.Release|x86.ActiveCfg = Release|Win32
		{4276125F-9700-42C6-B7E8-9A182B107EEF}.Release|x86.Build.0 = Release|Win32
		{A3ABCB9A-0BAB-48AC-8E2F-280CCE5A6AD0}.Debug|x64.ActiveCfg = Debug|x64
		{A3ABCB9A-0BAB-48AC-8E2F-280CCE5A6AD0}.Debug|x64.Build.0 = Debug|x64
		{A3ABCB9A-0BAB-48AC-8E2F-280CCE5A6AD0}.Debug|x86.ActiveCfg = Debug|Win32
		{A3ABCB9A-0BAB-48AC-8E2F-280CCE5A6AD0}.Debug|x86.Build.0 = Debug|Win32
		{A3ABCB9A-0BAB-48AC-8E2F-280CCE5A6AD0}.Release|x64.ActiveCfg = Release|x64
		{A3ABCB9A-0BAB-48AC-8E2F-280CCE5A6AD0}.Release|x64.Build.0 = Release|x64
		{A3ABCB9A-0BAB-48AC-8E2F-280CCE5A6AD0}.Release|x86.ActiveCfg = Release|Win32
		{A3ABCB9A-0BAB-48AC-8E2F-280CCE5A6AD0}.Release|x86.Build.0 = Release|Win32
		{6DAD4F57-52E6-4A88-AB8A-F08A0A70D0ED}.Debug|x64.ActiveCfg = Debug|x64
		{6DAD4F57-52E6-4A88-AB8A-F08A0A70D0ED}.Debug|x64.Build.0 = Debug|x64
		{6DAD4F57-52E6-4A88-AB8A-F08A0A70D0ED}.Debug|x86.ActiveCfg = Debug|Win32
		{6DAD4F57-52E6-4A88-AB8A-F08A0A70D0ED}.Debug|x86.Build.0 = Debug|Win32
		{6DAD4F57-52E6-4A88-AB8A-F08A0A70D0ED}.Release|x64.ActiveCfg = Release|x64
		{6DAD4F57-52E6-4A88-AB8A-F08A0A70D0ED}.Release|x64.Build.0 = Release|x64
		{6DAD4F57-52E6-4A88-AB8A-F08A0A70D0ED}.Release|x86.ActiveCfg = Release|Win32
		{6DAD4F57-52E6-4A88-AB8A-F08A0A70D0ED}.Release|x86.Build.0 = Release|Win32
		{C289D00C-6DFC-4DA3-94F6-1BAE50B0B0FF}.Debug|x64.ActiveCfg = Debug|x64
		{C289D00C-6DFC-4DA3-94F6-1BAE50B0B0FF}.Debug|x64.Build.0 = Debug|x64
		{C289D00C-6DFC-4DA3-94F6-1BAE50B0B0FF}.Debug|x86.ActiveCfg = Debug|Win32
		{C289D00C-6DFC-4DA3-94F6-1BAE50B0B0FF}.Debug|x86.Build.0 = Debug|Win32
		{C289D00C-6DFC-4DA3-94F6-1BAE50B0B0FF}.Release|x64.ActiveCfg = Release|x64
		{C289D00C-6DFC-4DA3-94F6-1BAE50B0B0FF}.Release|x64.Build.0 = Release|x64
		{C289D00C-6DFC-4DA3-94F6-1BAE50B0B0FF}.Release|x86.ActiveCfg = Release|Win32
		{C289D00C-6DFC-4DA3-94F6-1BAE50B0B0FF}.Release|x86.Build.0 = Release|Win32
		{E477A751-735E-4FE3-A9AD-5198021B7CC3}.Debug|x64.ActiveCfg = Debug|x64
		{E477A751-735E-4FE3-A9AD-5198021B7CC3}.Debug|x64.Build.0 = Debug|x64
		{E477A751-735E-4FE3-A9AD-5198021B7CC3}.Debug|x86.ActiveCfg = Debug|Win32
		{E477A751-735E-4FE3-A9AD-5198021B7CC3}.Debug|x86.Build.0 = Debug|Win32
		{E477A751-735E-4FE3-A9AD-5198021B7CC3}.Release|x64.ActiveCfg = Release|x64
		{E477A751-735E-4FE3-A9AD-5198021B7CC3}.Release|x64.Build.0 = Release|x64
		{E477A751-735E-4FE3-A9AD-5198021B7CC3}.Release|x86.ActiveCfg = Release|Win32
		{E477A751-735E-4FE3-A9AD-5198021B7CC3}.Release|x86.Build.0 = Release|Win32
		{1EA46A58-4F2F-45C3-B0E8-40B64DA19FB7}.Debug|x64.ActiveCfg = Debug|x64
		{1EA46A58-4F2F-45C3-B0E8-40B64DA19FB7}.Debug|x64.Build.0 = Debug|x64
		{1EA46A58-4F2F-45C3-B0E8-40B64DA19FB7}.Debug|x86.ActiveCfg = Debug|Win32
		{1EA46A58-4F2F-45C3-B0E8-40B64DA19FB7}.Debug|x86.Build.0 = Debug|Win32
		{1EA46A58-4F2F-45C3-B0E8-40B64DA19FB7}.Release|x64.ActiveCfg = Release|x64
		{1EA46A58-4F2F-45C3-B0E8-40B64DA19FB7}.Release|x64.Build.0 = Release|x64
		{1EA46A58-4F2F-45C3-B0E8-40B64DA19FB7}.Release|x86.ActiveCfg = Release|Win32
		{1EA46A58-4F2F-45C3-B0E8-40B64DA19FB7}.Release|x86.Build.0 = Release|Win32
		{7ED9B12D-D3C2-46A3-ABCA-23E80D7931A9}.Debug|x64.ActiveCfg = Debug|x64
		{7ED9B12D-D3C2-46A3-ABCA-23E80D7931A9}.Debug|x64.Build.0 = Debug|x64
		{7ED9B12D-D3C2-46A3-ABCA-23E80D7931A9}.Debug|x86.ActiveCfg = Debug|Win32
		{7ED9B12D-D3C2-46A3-ABCA-23E80D7931A9}.Debug|x86.Build.0 = Debug|Win32
		{7ED9B12D-D3C2-46A3-ABCA-23E80D7931A9}.Release|x64.ActiveCfg = Release|x64
		{7ED9B12D-D3C2-46A3-ABCA-23E80D7931A9}.Release|x64.Build.0 = Release|x64
		{7ED9B12D-D3C2-46A3-ABCA-23E80D7931A9}.Release|x86.ActiveCfg = Release|Win32
		{7ED9B12D-D3C2-46A3-ABCA-23E80D7931A9}.Release|x86.Build.0 = Release|Win32
		{A46F27B0-C49E-4245-A810-8B62A0DA230F}.Debug|x64.ActiveCfg = Debug|x64
		{A46F27B0-C49E-4245-A810-8B62A0DA230F}.Debug|x64.Build.0 = Debug|x64
		{A46F27B0-C49E-4245-A810-8B62A0DA230F}.Debug|x86.ActiveCfg = Debug|Win32
		{A46F27B0-C49E-4245-A810-8B62A0DA230F}.Debug|x86.Build.0 = Debug|Win32
		{A46F27B0-C49E-4245-A810-8B62A0DA230F}.Release|x64.ActiveCfg = Release|x64
		{A46F27B0-C49E-4245-A810-8B62A0DA230F}.Release|x64.Build.0 = Release|x64
		{A46F27B0-C49E-4245-A810-8B62A0DA230F}.Release|x86.ActiveCfg = Release|Win32
		{A46F27B0-C49E-4245-A810-8B62A0DA230F}.Release|x86.Build.0 = Release|Win32
		{6837FC8D-53A6-4AD2-8024-37E4487A9FD8}.Debug|x64.ActiveCfg = Debug|x64
		{6837FC8D-53A6-4AD2-8024-37E4487A9FD8}.Debug|x64.Build.0 = Debug|x64
		{6837FC8D-53A6-4AD2-8024-37E4487A9FD8}.Debug|x86.ActiveCfg = Debug|Win32
		{6837FC8D-53A6-4AD2-8024-37E4487A9FD8}.Debug|x86.Build.0 = Debug|Win32
		{6837FC8D-53A6-4AD2-8024-37E4487A9FD8}.Release|x64.ActiveCfg = Release|x64
		{6837FC8D-53A6-4AD2-8024-37E4487A9FD8}.Release|x64.Build.0 = Release|x64
		{6837FC8D-53A6-4AD2-8024-37E4487A9FD8}.Release|x86.ActiveCfg = Release|Win32
		{6837FC8D-53A6-4AD2-8024-37E4487A9FD8}.Release|x86.Build.0 = Release|Win32
		{62CFFA08-749F-427C-9D28-21E081E8B3CC}.Debug|x64.ActiveCfg = Debug|x64
		{62CFFA08-749F-427C-9D28-21E081E8B3CC}.Debug|x64.Build.0 = Debug|x64
		{62CFFA08-749F-427C-9D28-21E081E8B3CC}.Debug|x86.ActiveCfg = Debug|Win32
		{62CFFA08-749F-427C-9D28-21E081E8B3CC}.Debug|x86.Build.0 = Debug|Win32
		{62CFFA08-749F-427C-9D28-21E081E8B3CC}.Release|x64.ActiveCfg = Release|x64
		{62CFFA08-749F-427C-9D28-21E081E8B3CC}.Release|x64.Build.0 = Release|x64
		{62CFFA08-749F-427C-9D28-21E081E8B3CC}.Release|x86.ActiveCfg = Release|Win32
		{62CFFA08-749F-427C-9D28-21E081E8B3CC}.Release|x86.Build.0 = Release|Win32
		{D663C4ED-92EC-41BC-97E9-5CF83C1A5260}.Debug|x64.ActiveCfg = Debug|x64
		{D663C4ED-92EC-41BC-97E9-5CF83C1A5260}.Debug|x64.Build.0 = Debug|x64
		{D663C4ED-92EC-41BC-97E9-5CF83C1A5260}.Debug|x86.ActiveCfg = Debug|Win32
		{D663C4ED-92EC-41BC-97E9-5CF83C1A5260}.Debug|x86.Build.0 = Debug|Win32
		{D663C4ED-92EC-41BC-97E9-5CF83C1A5260}.Release|x64.ActiveCfg = Release|x64
		{D663C4ED-92EC-41BC-97E9-5CF83C1A5260}.Release|x64.Build.0 = Release|x64
		{D663C4ED-92EC-41BC-97E9-5CF83C1A5260}.Release|x86.ActiveCfg = Release|Win32
		{D663C4ED-92EC-41BC-97E9-5CF83C1A5260}.Release|x86.Build.0 = Release|Win32
		{691F5D43-EBEA-4C25-BD86-CC4513D028EC}.Debug|x64.ActiveCfg = Debug|x64
		{691F5D43-EBEA-4C25-BD86-CC4513D028EC}.Debug|x64.Build.0 = Debug|x64
		{691F5D43-EBEA-4C25-BD86-CC4513D028EC}.Debug|x86.ActiveCfg = Debug|Win32
		{691F5D43-EBEA-4C25-BD86-CC4513D028EC}.Debug|x86.Build.0 = Debug|Win32
		{691F5D43-EBEA-4C25-BD86-CC4513D028EC}.Release|x64.ActiveCfg = Release|x64
		{691F5D43-EBEA-4C25-BD86-CC4513D028EC}.Release|x64.Build.0 = Release|x64
		{691F5D43-EBEA-4C25-BD86-CC4513D028EC}.Release|x86.ActiveCfg = Release|Win32
		{691F5D43-EBEA-4C25-BD86-CC4513D028EC}.Release|x86.Build.0 = Release|Win32
		{995BF78A-8DC9-4B07-9C76-F7C671C38EB7}.Debug|x64.ActiveCfg = Debug|x64
		{995BF78A-8DC9-4B07-9C76-F7C671C38EB7}.Debug|x64.Build.0 = Debug|x64
		{995BF78A-8DC9-4B07-9C76-F7C671C38EB7}.Debug|x86.ActiveCfg = Debug|Win32
		{995BF78A-8DC9-4B07-9C76-F7C671C38EB7}.Debug|x86.Build.0 = Debug|Win32
		{995BF78A-8DC9-4B07-9C76-F7C671C38EB7}.Release|x64.ActiveCfg = Release|x64
		{995BF78A-8DC9-4B07-9C76-F7C671C38EB7}.Release|x64.Build.0 = Release|x64
		{995BF78A-8DC9-4B07-9C76-F7C671C38EB7}.Release|x86.ActiveCfg = Release|Win32
		{995BF78A-8DC9-4B07-9C76-F7C671C38EB7}.Release|x86.Build.0 = Release|Win32
		{5DBB18E0-76E7-48BF-8B09-64C1E90286C2}.Debug|x64.ActiveCfg = Debug|x64
		{5DBB18E0-76E7-48BF-8B09-64C1E90286C2}.Debug|x64.Build.0 = Debug|x64
		{5DBB18E0-76E7-48BF-8B09-64C1E90286C2}.Debug|x86.ActiveCfg = Debug|Win32
		{5DBB18E0-76E7-48BF-8B09-64C1E90286C2}.Debug|x86.Build.0 = Debug|Win32
		{5DBB18E0-76E7-48BF-8B09-64C1E90286C2}.Release|x64.ActiveCfg = Release|x64
		{5DBB18E0-76E7-48BF-8B09-64C1E90286C2}.Release|x64.Build.0 = Release|x64
		{5DBB18E0-76E7-48BF-8B09-64C1E90286C2}.Release|x86.ActiveCfg = Release|Win32
		{5DBB18E0-76E7-48BF-8B09-64C1E90286C2}.Release|x86.Build.0 = Release|Win32
	EndGlobalSection
	GlobalSection(SolutionProperties) = preSolution
		HideSolutionNode = FALSE
	EndGlobalSection
	GlobalSection(ExtensibilityGlobals) = postSolution
		SolutionGuid = {7ED0B33C-E822-4B59-A9BF-09436AA9EB20}
	EndGlobalSection
EndGlobal
