
Microsoft Visual Studio Solution File, Format Version 12.00
# Visual Studio Version 17
VisualStudioVersion = 17.14.36310.24
MinimumVisualStudioVersion = 10.0.40219.1
Project("{8BC9CEB8-8B4A-11D0-8D11-00A0C91BC942}") = "Cpp20Examples", "Cpp20Examples\Cpp20Examples.vcxproj", "{E56EC565-C3A2-49E6-AAAE-B2DF6AB04DB5}"
EndProject
Project("{8BC9CEB8-8B4A-11D0-8D11-00A0C91BC942}") = "01_ConceptsBasics_Test", "01_ConceptsBasics_Test\01_ConceptsBasics_Test.vcxproj", "{67C3213D-9633-4A8F-973B-818C09411FD6}"
EndProject
Project("{8BC9CEB8-8B4A-11D0-8D11-00A0C91BC942}") = "01_ConceptsBasics", "01_ConceptsBasics\01_ConceptsBasics.vcxproj", "{C3261273-F0A4-4EC3-AEB4-E42794DBA753}"
EndProject
Project("{8BC9CEB8-8B4A-11D0-8D11-00A0C91BC942}") = "TestUtilities", "TestUtilities\TestUtilities.vcxproj", "{86DFE7A1-CE7D-461F-83B2-F0850F8A54FB}"
EndProject
Project("{8BC9CEB8-8B4A-11D0-8D11-00A0C91BC942}") = "02_RangesAndViews", "02_RangesAndViews\02_RangesAndViews.vcxproj", "{AC7531E7-49DC-4D26-8487-CD8D46C14D8E}"
EndProject
Project("{8BC9CEB8-8B4A-11D0-8D11-00A0C91BC942}") = "02_RangesAndViewsTest", "02_RangesAndViewsTest\02_RangesAndViewsTest.vcxproj", "{95958B01-9A98-4CEE-8D07-013E2CAE93B4}"
EndProject
Project("{8BC9CEB8-8B4A-11D0-8D11-00A0C91BC942}") = "03_StdFormat", "03_StdFormat\03_StdFormat.vcxproj", "{1D989563-75A2-4E5E-87F1-B12131D56BAF}"
EndProject
Project("{8BC9CEB8-8B4A-11D0-8D11-00A0C91BC942}") = "03_StdFormatTest", "03_StdFormatTest\03_StdFormatTest.vcxproj", "{800448BC-AF5D-41D0-9EF6-9BE919420E4B}"
EndProject
Project("{8BC9CEB8-8B4A-11D0-8D11-00A0C91BC942}") = "04_StdSpan", "04_StdSpan\04_StdSpan.vcxproj", "{078CE6B4-E414-4C70-BC81-6CD124704A4D}"
EndProject
Project("{8BC9CEB8-8B4A-11D0-8D11-00A0C91BC942}") = "04_StdSpanTest", "04_StdSpanTest\04_StdSpanTest.vcxproj", "{E525C627-5C90-4BD3-BD2E-E449B3A2B893}"
EndProject
Project("{8BC9CEB8-8B4A-11D0-8D11-00A0C91BC942}") = "05_ThreeWayComparison", "05_ThreeWayComparison\05_ThreeWayComparison.vcxproj", "{D2BE4640-19F4-440B-973D-8A33BBEA7C91}"
EndProject
Project("{8BC9CEB8-8B4A-11D0-8D11-00A0C91BC942}") = "05_ThreeWayComparisonTest", "05_ThreeWayComparisonTest\05_ThreeWayComparisonTest.vcxproj", "{AB3D0E36-442A-43C2-95E0-2D59BE47C69C}"
EndProject
Project("{8BC9CEB8-8B4A-11D0-8D11-00A0C91BC942}") = "06_JthreadStopToken", "06_JthreadStopToken\06_JthreadStopToken.vcxproj", "{C1F90221-583B-4A1A-9E69-C4AF0184F443}"
EndProject
Project("{8BC9CEB8-8B4A-11D0-8D11-00A0C91BC942}") = "06_JthreadStopTokenTest", "06_JthreadStopTokenTest\06_JthreadStopTokenTest.vcxproj", "{A4444E4D-4E1D-46F3-ADCF-B482B7B5C28B}"
EndProject
Project("{8BC9CEB8-8B4A-11D0-8D11-00A0C91BC942}") = "07_SourceLocation", "07_SourceLocation\07_SourceLocation.vcxproj", "{C344AA11-93F5-4597-BDBD-73648089512A}"
EndProject
Project("{8BC9CEB8-8B4A-11D0-8D11-00A0C91BC942}") = "07_SourceLocationTest", "07_SourceLocationTest\07_SourceLocationTest.vcxproj", "{7D49580D-A7A3-45C9-9C07-E50E66976667}"
EndProject
Project("{8BC9CEB8-8B4A-11D0-8D11-00A0C91BC942}") = "08_ConstexprAdvanced", "08_ConstexprAdvanced\08_ConstexprAdvanced.vcxproj", "{7D19F2E9-349A-40B0-874B-A77A18530FCA}"
EndProject
Project("{8BC9CEB8-8B4A-11D0-8D11-00A0C91BC942}") = "08_ConstexprAdvancedTest", "08_ConstexprAdvancedTest\08_ConstexprAdvancedTest.vcxproj", "{F3D5B66C-557A-4F86-B3A1-E97FBEE9EBF2}"
EndProject
Project("{8BC9CEB8-8B4A-11D0-8D11-00A0C91BC942}") = "09_CoroutinesBasics", "09_CoroutinesBasics\09_CoroutinesBasics.vcxproj", "{F16C06F1-4D5C-4660-9FFE-7696515619E1}"
EndProject
Project("{8BC9CEB8-8B4A-11D0-8D11-00A0C91BC942}") = "09_CoroutinesBasicsTest", "09_CoroutinesBasicsTest\09_CoroutinesBasicsTest.vcxproj", "{3393002E-A950-4195-9850-84D1C628CDAB}"
EndProject
Global
	GlobalSection(SolutionConfigurationPlatforms) = preSolution
		Debug|x64 = Debug|x64
		Debug|x86 = Debug|x86
		Release|x64 = Release|x64
		Release|x86 = Release|x86
	EndGlobalSection
	GlobalSection(ProjectConfigurationPlatforms) = postSolution
		{E56EC565-C3A2-49E6-AAAE-B2DF6AB04DB5}.Debug|x64.ActiveCfg = Debug|x64
		{E56EC565-C3A2-49E6-AAAE-B2DF6AB04DB5}.Debug|x64.Build.0 = Debug|x64
		{E56EC565-C3A2-49E6-AAAE-B2DF6AB04DB5}.Debug|x86.ActiveCfg = Debug|Win32
		{E56EC565-C3A2-49E6-AAAE-B2DF6AB04DB5}.Debug|x86.Build.0 = Debug|Win32
		{E56EC565-C3A2-49E6-AAAE-B2DF6AB04DB5}.Release|x64.ActiveCfg = Release|x64
		{E56EC565-C3A2-49E6-AAAE-B2DF6AB04DB5}.Release|x64.Build.0 = Release|x64
		{E56EC565-C3A2-49E6-AAAE-B2DF6AB04DB5}.Release|x86.ActiveCfg = Release|Win32
		{E56EC565-C3A2-49E6-AAAE-B2DF6AB04DB5}.Release|x86.Build.0 = Release|Win32
		{67C3213D-9633-4A8F-973B-818C09411FD6}.Debug|x64.ActiveCfg = Debug|x64
		{67C3213D-9633-4A8F-973B-818C09411FD6}.Debug|x64.Build.0 = Debug|x64
		{67C3213D-9633-4A8F-973B-818C09411FD6}.Debug|x86.ActiveCfg = Debug|Win32
		{67C3213D-9633-4A8F-973B-818C09411FD6}.Debug|x86.Build.0 = Debug|Win32
		{67C3213D-9633-4A8F-973B-818C09411FD6}.Release|x64.ActiveCfg = Release|x64
		{67C3213D-9633-4A8F-973B-818C09411FD6}.Release|x64.Build.0 = Release|x64
		{67C3213D-9633-4A8F-973B-818C09411FD6}.Release|x86.ActiveCfg = Release|Win32
		{67C3213D-9633-4A8F-973B-818C09411FD6}.Release|x86.Build.0 = Release|Win32
		{C3261273-F0A4-4EC3-AEB4-E42794DBA753}.Debug|x64.ActiveCfg = Debug|x64
		{C3261273-F0A4-4EC3-AEB4-E42794DBA753}.Debug|x64.Build.0 = Debug|x64
		{C3261273-F0A4-4EC3-AEB4-E42794DBA753}.Debug|x86.ActiveCfg = Debug|Win32
		{C3261273-F0A4-4EC3-AEB4-E42794DBA753}.Debug|x86.Build.0 = Debug|Win32
		{C3261273-F0A4-4EC3-AEB4-E42794DBA753}.Release|x64.ActiveCfg = Release|x64
		{C3261273-F0A4-4EC3-AEB4-E42794DBA753}.Release|x64.Build.0 = Release|x64
		{C3261273-F0A4-4EC3-AEB4-E42794DBA753}.Release|x86.ActiveCfg = Release|Win32
		{C3261273-F0A4-4EC3-AEB4-E42794DBA753}.Release|x86.Build.0 = Release|Win32
		{86DFE7A1-CE7D-461F-83B2-F0850F8A54FB}.Debug|x64.ActiveCfg = Debug|x64
		{86DFE7A1-CE7D-461F-83B2-F0850F8A54FB}.Debug|x64.Build.0 = Debug|x64
		{86DFE7A1-CE7D-461F-83B2-F0850F8A54FB}.Debug|x86.ActiveCfg = Debug|Win32
		{86DFE7A1-CE7D-461F-83B2-F0850F8A54FB}.Debug|x86.Build.0 = Debug|Win32
		{86DFE7A1-CE7D-461F-83B2-F0850F8A54FB}.Release|x64.ActiveCfg = Release|x64
		{86DFE7A1-CE7D-461F-83B2-F0850F8A54FB}.Release|x64.Build.0 = Release|x64
		{86DFE7A1-CE7D-461F-83B2-F0850F8A54FB}.Release|x86.ActiveCfg = Release|Win32
		{86DFE7A1-CE7D-461F-83B2-F0850F8A54FB}.Release|x86.Build.0 = Release|Win32
		{AC7531E7-49DC-4D26-8487-CD8D46C14D8E}.Debug|x64.ActiveCfg = Debug|x64
		{AC7531E7-49DC-4D26-8487-CD8D46C14D8E}.Debug|x64.Build.0 = Debug|x64
		{AC7531E7-49DC-4D26-8487-CD8D46C14D8E}.Debug|x86.ActiveCfg = Debug|Win32
		{AC7531E7-49DC-4D26-8487-CD8D46C14D8E}.Debug|x86.Build.0 = Debug|Win32
		{AC7531E7-49DC-4D26-8487-CD8D46C14D8E}.Release|x64.ActiveCfg = Release|x64
		{AC7531E7-49DC-4D26-8487-CD8D46C14D8E}.Release|x64.Build.0 = Release|x64
		{AC7531E7-49DC-4D26-8487-CD8D46C14D8E}.Release|x86.ActiveCfg = Release|Win32
		{AC7531E7-49DC-4D26-8487-CD8D46C14D8E}.Release|x86.Build.0 = Release|Win32
		{95958B01-9A98-4CEE-8D07-013E2CAE93B4}.Debug|x64.ActiveCfg = Debug|x64
		{95958B01-9A98-4CEE-8D07-013E2CAE93B4}.Debug|x64.Build.0 = Debug|x64
		{95958B01-9A98-4CEE-8D07-013E2CAE93B4}.Debug|x86.ActiveCfg = Debug|Win32
		{95958B01-9A98-4CEE-8D07-013E2CAE93B4}.Debug|x86.Build.0 = Debug|Win32
		{95958B01-9A98-4CEE-8D07-013E2CAE93B4}.Release|x64.ActiveCfg = Release|x64
		{95958B01-9A98-4CEE-8D07-013E2CAE93B4}.Release|x64.Build.0 = Release|x64
		{95958B01-9A98-4CEE-8D07-013E2CAE93B4}.Release|x86.ActiveCfg = Release|Win32
		{95958B01-9A98-4CEE-8D07-013E2CAE93B4}.Release|x86.Build.0 = Release|Win32
		{1D989563-75A2-4E5E-87F1-B12131D56BAF}.Debug|x64.ActiveCfg = Debug|x64
		{1D989563-75A2-4E5E-87F1-B12131D56BAF}.Debug|x64.Build.0 = Debug|x64
		{1D989563-75A2-4E5E-87F1-B12131D56BAF}.Debug|x86.ActiveCfg = Debug|Win32
		{1D989563-75A2-4E5E-87F1-B12131D56BAF}.Debug|x86.Build.0 = Debug|Win32
		{1D989563-75A2-4E5E-87F1-B12131D56BAF}.Release|x64.ActiveCfg = Release|x64
		{1D989563-75A2-4E5E-87F1-B12131D56BAF}.Release|x64.Build.0 = Release|x64
		{1D989563-75A2-4E5E-87F1-B12131D56BAF}.Release|x86.ActiveCfg = Release|Win32
		{1D989563-75A2-4E5E-87F1-B12131D56BAF}.Release|x86.Build.0 = Release|Win32
		{800448BC-AF5D-41D0-9EF6-9BE919420E4B}.Debug|x64.ActiveCfg = Debug|x64
		{800448BC-AF5D-41D0-9EF6-9BE919420E4B}.Debug|x64.Build.0 = Debug|x64
		{800448BC-AF5D-41D0-9EF6-9BE919420E4B}.Debug|x86.ActiveCfg = Debug|Win32
		{800448BC-AF5D-41D0-9EF6-9BE919420E4B}.Debug|x86.Build.0 = Debug|Win32
		{800448BC-AF5D-41D0-9EF6-9BE919420E4B}.Release|x64.ActiveCfg = Release|x64
		{800448BC-AF5D-41D0-9EF6-9BE919420E4B}.Release|x64.Build.0 = Release|x64
		{800448BC-AF5D-41D0-9EF6-9BE919420E4B}.Release|x86.ActiveCfg = Release|Win32
		{800448BC-AF5D-41D0-9EF6-9BE919420E4B}.Release|x86.Build.0 = Release|Win32
		{078CE6B4-E414-4C70-BC81-6CD124704A4D}.Debug|x64.ActiveCfg = Debug|x64
		{078CE6B4-E414-4C70-BC81-6CD124704A4D}.Debug|x64.Build.0 = Debug|x64
		{078CE6B4-E414-4C70-BC81-6CD124704A4D}.Debug|x86.ActiveCfg = Debug|Win32
		{078CE6B4-E414-4C70-BC81-6CD124704A4D}.Debug|x86.Build.0 = Debug|Win32
		{078CE6B4-E414-4C70-BC81-6CD124704A4D}.Release|x64.ActiveCfg = Release|x64
		{078CE6B4-E414-4C70-BC81-6CD124704A4D}.Release|x64.Build.0 = Release|x64
		{078CE6B4-E414-4C70-BC81-6CD124704A4D}.Release|x86.ActiveCfg = Release|Win32
		{078CE6B4-E414-4C70-BC81-6CD124704A4D}.Release|x86.Build.0 = Release|Win32
		{E525C627-5C90-4BD3-BD2E-E449B3A2B893}.Debug|x64.ActiveCfg = Debug|x64
		{E525C627-5C90-4BD3-BD2E-E449B3A2B893}.Debug|x64.Build.0 = Debug|x64
		{E525C627-5C90-4BD3-BD2E-E449B3A2B893}.Debug|x86.ActiveCfg = Debug|Win32
		{E525C627-5C90-4BD3-BD2E-E449B3A2B893}.Debug|x86.Build.0 = Debug|Win32
		{E525C627-5C90-4BD3-BD2E-E449B3A2B893}.Release|x64.ActiveCfg = Release|x64
		{E525C627-5C90-4BD3-BD2E-E449B3A2B893}.Release|x64.Build.0 = Release|x64
		{E525C627-5C90-4BD3-BD2E-E449B3A2B893}.Release|x86.ActiveCfg = Release|Win32
		{E525C627-5C90-4BD3-BD2E-E449B3A2B893}.Release|x86.Build.0 = Release|Win32
		{D2BE4640-19F4-440B-973D-8A33BBEA7C91}.Debug|x64.ActiveCfg = Debug|x64
		{D2BE4640-19F4-440B-973D-8A33BBEA7C91}.Debug|x64.Build.0 = Debug|x64
		{D2BE4640-19F4-440B-973D-8A33BBEA7C91}.Debug|x86.ActiveCfg = Debug|Win32
		{D2BE4640-19F4-440B-973D-8A33BBEA7C91}.Debug|x86.Build.0 = Debug|Win32
		{D2BE4640-19F4-440B-973D-8A33BBEA7C91}.Release|x64.ActiveCfg = Release|x64
		{D2BE4640-19F4-440B-973D-8A33BBEA7C91}.Release|x64.Build.0 = Release|x64
		{D2BE4640-19F4-440B-973D-8A33BBEA7C91}.Release|x86.ActiveCfg = Release|Win32
		{D2BE4640-19F4-440B-973D-8A33BBEA7C91}.Release|x86.Build.0 = Release|Win32
		{AB3D0E36-442A-43C2-95E0-2D59BE47C69C}.Debug|x64.ActiveCfg = Debug|x64
		{AB3D0E36-442A-43C2-95E0-2D59BE47C69C}.Debug|x64.Build.0 = Debug|x64
		{AB3D0E36-442A-43C2-95E0-2D59BE47C69C}.Debug|x86.ActiveCfg = Debug|Win32
		{AB3D0E36-442A-43C2-95E0-2D59BE47C69C}.Debug|x86.Build.0 = Debug|Win32
		{AB3D0E36-442A-43C2-95E0-2D59BE47C69C}.Release|x64.ActiveCfg = Release|x64
		{AB3D0E36-442A-43C2-95E0-2D59BE47C69C}.Release|x64.Build.0 = Release|x64
		{AB3D0E36-442A-43C2-95E0-2D59BE47C69C}.Release|x86.ActiveCfg = Release|Win32
		{AB3D0E36-442A-43C2-95E0-2D59BE47C69C}.Release|x86.Build.0 = Release|Win32
		{C1F90221-583B-4A1A-9E69-C4AF0184F443}.Debug|x64.ActiveCfg = Debug|x64
		{C1F90221-583B-4A1A-9E69-C4AF0184F443}.Debug|x64.Build.0 = Debug|x64
		{C1F90221-583B-4A1A-9E69-C4AF0184F443}.Debug|x86.ActiveCfg = Debug|Win32
		{C1F90221-583B-4A1A-9E69-C4AF0184F443}.Debug|x86.Build.0 = Debug|Win32
		{C1F90221-583B-4A1A-9E69-C4AF0184F443}.Release|x64.ActiveCfg = Release|x64
		{C1F90221-583B-4A1A-9E69-C4AF0184F443}.Release|x64.Build.0 = Release|x64
		{C1F90221-583B-4A1A-9E69-C4AF0184F443}.Release|x86.ActiveCfg = Release|Win32
		{C1F90221-583B-4A1A-9E69-C4AF0184F443}.Release|x86.Build.0 = Release|Win32
		{A4444E4D-4E1D-46F3-ADCF-B482B7B5C28B}.Debug|x64.ActiveCfg = Debug|x64
		{A4444E4D-4E1D-46F3-ADCF-B482B7B5C28B}.Debug|x64.Build.0 = Debug|x64
		{A4444E4D-4E1D-46F3-ADCF-B482B7B5C28B}.Debug|x86.ActiveCfg = Debug|Win32
		{A4444E4D-4E1D-46F3-ADCF-B482B7B5C28B}.Debug|x86.Build.0 = Debug|Win32
		{A4444E4D-4E1D-46F3-ADCF-B482B7B5C28B}.Release|x64.ActiveCfg = Release|x64
		{A4444E4D-4E1D-46F3-ADCF-B482B7B5C28B}.Release|x64.Build.0 = Release|x64
		{A4444E4D-4E1D-46F3-ADCF-B482B7B5C28B}.Release|x86.ActiveCfg = Release|Win32
		{A4444E4D-4E1D-46F3-ADCF-B482B7B5C28B}.Release|x86.Build.0 = Release|Win32
		{C344AA11-93F5-4597-BDBD-73648089512A}.Debug|x64.ActiveCfg = Debug|x64
		{C344AA11-93F5-4597-BDBD-73648089512A}.Debug|x64.Build.0 = Debug|x64
		{C344AA11-93F5-4597-BDBD-73648089512A}.Debug|x86.ActiveCfg = Debug|Win32
		{C344AA11-93F5-4597-BDBD-73648089512A}.Debug|x86.Build.0 = Debug|Win32
		{C344AA11-93F5-4597-BDBD-73648089512A}.Release|x64.ActiveCfg = Release|x64
		{C344AA11-93F5-4597-BDBD-73648089512A}.Release|x64.Build.0 = Release|x64
		{C344AA11-93F5-4597-BDBD-73648089512A}.Release|x86.ActiveCfg = Release|Win32
		{C344AA11-93F5-4597-BDBD-73648089512A}.Release|x86.Build.0 = Release|Win32
		{7D49580D-A7A3-45C9-9C07-E50E66976667}.Debug|x64.ActiveCfg = Debug|x64
		{7D49580D-A7A3-45C9-9C07-E50E66976667}.Debug|x64.Build.0 = Debug|x64
		{7D49580D-A7A3-45C9-9C07-E50E66976667}.Debug|x86.ActiveCfg = Debug|Win32
		{7D49580D-A7A3-45C9-9C07-E50E66976667}.Debug|x86.Build.0 = Debug|Win32
		{7D49580D-A7A3-45C9-9C07-E50E66976667}.Release|x64.ActiveCfg = Release|x64
		{7D49580D-A7A3-45C9-9C07-E50E66976667}.Release|x64.Build.0 = Release|x64
		{7D49580D-A7A3-45C9-9C07-E50E66976667}.Release|x86.ActiveCfg = Release|Win32
		{7D49580D-A7A3-45C9-9C07-E50E66976667}.Release|x86.Build.0 = Release|Win32
		{7D19F2E9-349A-40B0-874B-A77A18530FCA}.Debug|x64.ActiveCfg = Debug|x64
		{7D19F2E9-349A-40B0-874B-A77A18530FCA}.Debug|x64.Build.0 = Debug|x64
		{7D19F2E9-349A-40B0-874B-A77A18530FCA}.Debug|x86.ActiveCfg = Debug|Win32
		{7D19F2E9-349A-40B0-874B-A77A18530FCA}.Debug|x86.Build.0 = Debug|Win32
		{7D19F2E9-349A-40B0-874B-A77A18530FCA}.Release|x64.ActiveCfg = Release|x64
		{7D19F2E9-349A-40B0-874B-A77A18530FCA}.Release|x64.Build.0 = Release|x64
		{7D19F2E9-349A-40B0-874B-A77A18530FCA}.Release|x86.ActiveCfg = Release|Win32
		{7D19F2E9-349A-40B0-874B-A77A18530FCA}.Release|x86.Build.0 = Release|Win32
		{F3D5B66C-557A-4F86-B3A1-E97FBEE9EBF2}.Debug|x64.ActiveCfg = Debug|x64
		{F3D5B66C-557A-4F86-B3A1-E97FBEE9EBF2}.Debug|x64.Build.0 = Debug|x64
		{F3D5B66C-557A-4F86-B3A1-E97FBEE9EBF2}.Debug|x86.ActiveCfg = Debug|Win32
		{F3D5B66C-557A-4F86-B3A1-E97FBEE9EBF2}.Debug|x86.Build.0 = Debug|Win32
		{F3D5B66C-557A-4F86-B3A1-E97FBEE9EBF2}.Release|x64.ActiveCfg = Release|x64
		{F3D5B66C-557A-4F86-B3A1-E97FBEE9EBF2}.Release|x64.Build.0 = Release|x64
		{F3D5B66C-557A-4F86-B3A1-E97FBEE9EBF2}.Release|x86.ActiveCfg = Release|Win32
		{F3D5B66C-557A-4F86-B3A1-E97FBEE9EBF2}.Release|x86.Build.0 = Release|Win32
		{F16C06F1-4D5C-4660-9FFE-7696515619E1}.Debug|x64.ActiveCfg = Debug|x64
		{F16C06F1-4D5C-4660-9FFE-7696515619E1}.Debug|x64.Build.0 = Debug|x64
		{F16C06F1-4D5C-4660-9FFE-7696515619E1}.Debug|x86.ActiveCfg = Debug|Win32
		{F16C06F1-4D5C-4660-9FFE-7696515619E1}.Debug|x86.Build.0 = Debug|Win32
		{F16C06F1-4D5C-4660-9FFE-7696515619E1}.Release|x64.ActiveCfg = Release|x64
		{F16C06F1-4D5C-4660-9FFE-7696515619E1}.Release|x64.Build.0 = Release|x64
		{F16C06F1-4D5C-4660-9FFE-7696515619E1}.Release|x86.ActiveCfg = Release|Win32
		{F16C06F1-4D5C-4660-9FFE-7696515619E1}.Release|x86.Build.0 = Release|Win32
		{3393002E-A950-4195-9850-84D1C628CDAB}.Debug|x64.ActiveCfg = Debug|x64
		{3393002E-A950-4195-9850-84D1C628CDAB}.Debug|x64.Build.0 = Debug|x64
		{3393002E-A950-4195-9850-84D1C628CDAB}.Debug|x86.ActiveCfg = Debug|Win32
		{3393002E-A950-4195-9850-84D1C628CDAB}.Debug|x86.Build.0 = Debug|Win32
		{3393002E-A950-4195-9850-84D1C628CDAB}.Release|x64.ActiveCfg = Release|x64
		{3393002E-A950-4195-9850-84D1C628CDAB}.Release|x64.Build.0 = Release|x64
		{3393002E-A950-4195-9850-84D1C628CDAB}.Release|x86.ActiveCfg = Release|Win32
		{3393002E-A950-4195-9850-84D1C628CDAB}.Release|x86.Build.0 = Release|Win32
	EndGlobalSection
	GlobalSection(SolutionProperties) = preSolution
		HideSolutionNode = FALSE
	EndGlobalSection
	GlobalSection(ExtensibilityGlobals) = postSolution
		SolutionGuid = {B9AB16EE-FF43-49A1-85E8-B70B9941B650}
	EndGlobalSection
EndGlobal
