
Microsoft Visual Studio Solution File, Format Version 12.00
# Visual Studio Version 17
VisualStudioVersion = 17.14.36616.10
MinimumVisualStudioVersion = 10.0.40219.1
Project("{8BC9CEB8-8B4A-11D0-8D11-00A0C91BC942}") = "01_StructuredBinding", "01_StructuredBinding\01_StructuredBinding.vcxproj", "{C53D2F4B-A242-4143-BCDA-6D157F135FA6}"
EndProject
Project("{8BC9CEB8-8B4A-11D0-8D11-00A0C91BC942}") = "01_StructuredBindingTest", "01_StructuredBindingTest\01_StructuredBindingTest.vcxproj", "{8169AD48-C7B1-4A44-AC13-325E7C34C3ED}"
EndProject
Project("{8BC9CEB8-8B4A-11D0-8D11-00A0C91BC942}") = "02_IfSwitchInit", "02_IfSwitchInit\02_IfSwitchInit.vcxproj", "{5529ADDE-8B27-41B9-B383-BA45A8034B04}"
EndProject
Project("{8BC9CEB8-8B4A-11D0-8D11-00A0C91BC942}") = "02_IfSwitchInitTest", "02_IfSwitchInitTest\02_IfSwitchInitTest.vcxproj", "{45863652-B1D7-469E-99BF-2A103076A07F}"
EndProject
Project("{8BC9CEB8-8B4A-11D0-8D11-00A0C91BC942}") = "03_Optional", "03_Optional\03_Optional.vcxproj", "{44E520DD-E1B3-4A63-86AA-629267AB8B8B}"
EndProject
Project("{8BC9CEB8-8B4A-11D0-8D11-00A0C91BC942}") = "03_OptionalTest", "03_OptionalTest\03_OptionalTest.vcxproj", "{77319589-1360-47A6-9D7D-F8E1CE458AA3}"
EndProject
Project("{8BC9CEB8-8B4A-11D0-8D11-00A0C91BC942}") = "04_Variant", "04_Variant\04_Variant.vcxproj", "{49939BB1-1495-4202-A8D9-F7D70391EE39}"
EndProject
Project("{8BC9CEB8-8B4A-11D0-8D11-00A0C91BC942}") = "04_VariantTest", "04_VariantTest\04_VariantTest.vcxproj", "{0C510A56-CA20-4504-B352-9B24D5153938}"
EndProject
Project("{8BC9CEB8-8B4A-11D0-8D11-00A0C91BC942}") = "05_Any", "05_Any\05_Any.vcxproj", "{48193DD0-E403-45FE-8A2C-C7C83C2F854E}"
EndProject
Project("{8BC9CEB8-8B4A-11D0-8D11-00A0C91BC942}") = "05_AnyTest", "05_AnyTest\05_AnyTest.vcxproj", "{35194382-5E1F-4476-8015-2F7115FD2B77}"
EndProject
Project("{8BC9CEB8-8B4A-11D0-8D11-00A0C91BC942}") = "06_Filesystem", "06_Filesystem\06_Filesystem.vcxproj", "{92D161E5-23FC-4E67-BEBE-4189EAE3C5DD}"
EndProject
Project("{8BC9CEB8-8B4A-11D0-8D11-00A0C91BC942}") = "06_FilesystemTest", "06_FilesystemTest\06_FilesystemTest.vcxproj", "{9E003CD7-11A7-4B29-8329-5418B3853F34}"
EndProject
Project("{8BC9CEB8-8B4A-11D0-8D11-00A0C91BC942}") = "07_ConstexprLambda", "07_ConstexprLambda\07_ConstexprLambda.vcxproj", "{FF79AC93-0A08-494C-8ADB-58FAED2503CB}"
EndProject
Project("{8BC9CEB8-8B4A-11D0-8D11-00A0C91BC942}") = "07_ConstexprLambdaTest", "07_ConstexprLambdaTest\07_ConstexprLambdaTest.vcxproj", "{0758B537-626A-4EFF-A90E-7BADC03F2F01}"
EndProject
Project("{8BC9CEB8-8B4A-11D0-8D11-00A0C91BC942}") = "08_FoldExpressions", "08_FoldExpressions\08_FoldExpressions.vcxproj", "{922FE174-E2B1-4B58-9510-C8F62AA91A03}"
EndProject
Project("{8BC9CEB8-8B4A-11D0-8D11-00A0C91BC942}") = "08_FoldExpressionsTest", "08_FoldExpressionsTest\08_FoldExpressionsTest.vcxproj", "{BE500C0E-6EE6-4F0C-BC01-77A35C9C1375}"
EndProject
Project("{8BC9CEB8-8B4A-11D0-8D11-00A0C91BC942}") = "09_TemplateDeduction", "09_TemplateDeduction\09_TemplateDeduction.vcxproj", "{3343AC4D-8951-4D86-8AC5-5535D677BEDE}"
EndProject
Project("{8BC9CEB8-8B4A-11D0-8D11-00A0C91BC942}") = "09_TemplateDeductionTest", "09_TemplateDeductionTest\09_TemplateDeductionTest.vcxproj", "{A4C57132-21BE-40D9-8DD0-31F8CF7F2CD5}"
EndProject
Project("{8BC9CEB8-8B4A-11D0-8D11-00A0C91BC942}") = "10_NonTypeTemplate", "10_NonTypeTemplate\10_NonTypeTemplate.vcxproj", "{E60E4A41-D42B-4481-9120-6BE179C84756}"
EndProject
Project("{8BC9CEB8-8B4A-11D0-8D11-00A0C91BC942}") = "10_NonTypeTemplateTest", "10_NonTypeTemplateTest\10_NonTypeTemplateTest.vcxproj", "{C2DC5B22-4834-4884-909B-B8A1C3F75A5E}"
EndProject
Project("{8BC9CEB8-8B4A-11D0-8D11-00A0C91BC942}") = "11_InlineVariables", "11_InlineVariables\11_InlineVariables.vcxproj", "{B5B7A1BD-B1D3-4BFE-98D8-ED016CDB66D8}"
EndProject
Project("{8BC9CEB8-8B4A-11D0-8D11-00A0C91BC942}") = "11_InlineVariablesTest", "11_InlineVariablesTest\11_InlineVariablesTest.vcxproj", "{54A50561-1274-44EA-A153-8F3127D2D87E}"
EndProject
Project("{8BC9CEB8-8B4A-11D0-8D11-00A0C91BC942}") = "12_ParallelSTL", "12_ParallelSTL\12_ParallelSTL.vcxproj", "{C04327B2-536A-47D8-8255-7A76FE59F1EC}"
EndProject
Project("{8BC9CEB8-8B4A-11D0-8D11-00A0C91BC942}") = "12_ParallelSTLTest", "12_ParallelSTLTest\12_ParallelSTLTest.vcxproj", "{5175B838-CA6A-4352-8855-27ACDAA3FB5E}"
EndProject
Project("{8BC9CEB8-8B4A-11D0-8D11-00A0C91BC942}") = "13_TypeTraitsAndMetaprogramming", "13_TypeTraitsAndMetaprogramming\13_TypeTraitsAndMetaprogramming.vcxproj", "{3E396327-1E2E-4272-BD6F-DC165C7E9393}"
EndProject
Project("{8BC9CEB8-8B4A-11D0-8D11-00A0C91BC942}") = "13_TypeTraitsAndMetaprogrammingTest", "13_TypeTraitsAndMetaprogrammingTest\13_TypeTraitsAndMetaprogrammingTest.vcxproj", "{E00EBC40-F11D-4604-9890-1E410D36B6C8}"
EndProject
Global
	GlobalSection(SolutionConfigurationPlatforms) = preSolution
		Debug|x64 = Debug|x64
		Debug|x86 = Debug|x86
		Release|x64 = Release|x64
		Release|x86 = Release|x86
	EndGlobalSection
	GlobalSection(ProjectConfigurationPlatforms) = postSolution
		{C53D2F4B-A242-4143-BCDA-6D157F135FA6}.Debug|x64.ActiveCfg = Debug|x64
		{C53D2F4B-A242-4143-BCDA-6D157F135FA6}.Debug|x64.Build.0 = Debug|x64
		{C53D2F4B-A242-4143-BCDA-6D157F135FA6}.Debug|x86.ActiveCfg = Debug|Win32
		{C53D2F4B-A242-4143-BCDA-6D157F135FA6}.Debug|x86.Build.0 = Debug|Win32
		{C53D2F4B-A242-4143-BCDA-6D157F135FA6}.Release|x64.ActiveCfg = Release|x64
		{C53D2F4B-A242-4143-BCDA-6D157F135FA6}.Release|x64.Build.0 = Release|x64
		{C53D2F4B-A242-4143-BCDA-6D157F135FA6}.Release|x86.ActiveCfg = Release|Win32
		{C53D2F4B-A242-4143-BCDA-6D157F135FA6}.Release|x86.Build.0 = Release|Win32
		{8169AD48-C7B1-4A44-AC13-325E7C34C3ED}.Debug|x64.ActiveCfg = Debug|x64
		{8169AD48-C7B1-4A44-AC13-325E7C34C3ED}.Debug|x64.Build.0 = Debug|x64
		{8169AD48-C7B1-4A44-AC13-325E7C34C3ED}.Debug|x86.ActiveCfg = Debug|Win32
		{8169AD48-C7B1-4A44-AC13-325E7C34C3ED}.Debug|x86.Build.0 = Debug|Win32
		{8169AD48-C7B1-4A44-AC13-325E7C34C3ED}.Release|x64.ActiveCfg = Release|x64
		{8169AD48-C7B1-4A44-AC13-325E7C34C3ED}.Release|x64.Build.0 = Release|x64
		{8169AD48-C7B1-4A44-AC13-325E7C34C3ED}.Release|x86.ActiveCfg = Release|Win32
		{8169AD48-C7B1-4A44-AC13-325E7C34C3ED}.Release|x86.Build.0 = Release|Win32
		{5529ADDE-8B27-41B9-B383-BA45A8034B04}.Debug|x64.ActiveCfg = Debug|x64
		{5529ADDE-8B27-41B9-B383-BA45A8034B04}.Debug|x64.Build.0 = Debug|x64
		{5529ADDE-8B27-41B9-B383-BA45A8034B04}.Debug|x86.ActiveCfg = Debug|Win32
		{5529ADDE-8B27-41B9-B383-BA45A8034B04}.Debug|x86.Build.0 = Debug|Win32
		{5529ADDE-8B27-41B9-B383-BA45A8034B04}.Release|x64.ActiveCfg = Release|x64
		{5529ADDE-8B27-41B9-B383-BA45A8034B04}.Release|x64.Build.0 = Release|x64
		{5529ADDE-8B27-41B9-B383-BA45A8034B04}.Release|x86.ActiveCfg = Release|Win32
		{5529ADDE-8B27-41B9-B383-BA45A8034B04}.Release|x86.Build.0 = Release|Win32
		{45863652-B1D7-469E-99BF-2A103076A07F}.Debug|x64.ActiveCfg = Debug|x64
		{45863652-B1D7-469E-99BF-2A103076A07F}.Debug|x64.Build.0 = Debug|x64
		{45863652-B1D7-469E-99BF-2A103076A07F}.Debug|x86.ActiveCfg = Debug|Win32
		{45863652-B1D7-469E-99BF-2A103076A07F}.Debug|x86.Build.0 = Debug|Win32
		{45863652-B1D7-469E-99BF-2A103076A07F}.Release|x64.ActiveCfg = Release|x64
		{45863652-B1D7-469E-99BF-2A103076A07F}.Release|x64.Build.0 = Release|x64
		{45863652-B1D7-469E-99BF-2A103076A07F}.Release|x86.ActiveCfg = Release|Win32
		{45863652-B1D7-469E-99BF-2A103076A07F}.Release|x86.Build.0 = Release|Win32
		{44E520DD-E1B3-4A63-86AA-629267AB8B8B}.Debug|x64.ActiveCfg = Debug|x64
		{44E520DD-E1B3-4A63-86AA-629267AB8B8B}.Debug|x64.Build.0 = Debug|x64
		{44E520DD-E1B3-4A63-86AA-629267AB8B8B}.Debug|x86.ActiveCfg = Debug|Win32
		{44E520DD-E1B3-4A63-86AA-629267AB8B8B}.Debug|x86.Build.0 = Debug|Win32
		{44E520DD-E1B3-4A63-86AA-629267AB8B8B}.Release|x64.ActiveCfg = Release|x64
		{44E520DD-E1B3-4A63-86AA-629267AB8B8B}.Release|x64.Build.0 = Release|x64
		{44E520DD-E1B3-4A63-86AA-629267AB8B8B}.Release|x86.ActiveCfg = Release|Win32
		{44E520DD-E1B3-4A63-86AA-629267AB8B8B}.Release|x86.Build.0 = Release|Win32
		{77319589-1360-47A6-9D7D-F8E1CE458AA3}.Debug|x64.ActiveCfg = Debug|x64
		{77319589-1360-47A6-9D7D-F8E1CE458AA3}.Debug|x64.Build.0 = Debug|x64
		{77319589-1360-47A6-9D7D-F8E1CE458AA3}.Debug|x86.ActiveCfg = Debug|Win32
		{77319589-1360-47A6-9D7D-F8E1CE458AA3}.Debug|x86.Build.0 = Debug|Win32
		{77319589-1360-47A6-9D7D-F8E1CE458AA3}.Release|x64.ActiveCfg = Release|x64
		{77319589-1360-47A6-9D7D-F8E1CE458AA3}.Release|x64.Build.0 = Release|x64
		{77319589-1360-47A6-9D7D-F8E1CE458AA3}.Release|x86.ActiveCfg = Release|Win32
		{77319589-1360-47A6-9D7D-F8E1CE458AA3}.Release|x86.Build.0 = Release|Win32
		{49939BB1-1495-4202-A8D9-F7D70391EE39}.Debug|x64.ActiveCfg = Debug|x64
		{49939BB1-1495-4202-A8D9-F7D70391EE39}.Debug|x64.Build.0 = Debug|x64
		{49939BB1-1495-4202-A8D9-F7D70391EE39}.Debug|x86.ActiveCfg = Debug|Win32
		{49939BB1-1495-4202-A8D9-F7D70391EE39}.Debug|x86.Build.0 = Debug|Win32
		{49939BB1-1495-4202-A8D9-F7D70391EE39}.Release|x64.ActiveCfg = Release|x64
		{49939BB1-1495-4202-A8D9-F7D70391EE39}.Release|x64.Build.0 = Release|x64
		{49939BB1-1495-4202-A8D9-F7D70391EE39}.Release|x86.ActiveCfg = Release|Win32
		{49939BB1-1495-4202-A8D9-F7D70391EE39}.Release|x86.Build.0 = Release|Win32
		{0C510A56-CA20-4504-B352-9B24D5153938}.Debug|x64.ActiveCfg = Debug|x64
		{0C510A56-CA20-4504-B352-9B24D5153938}.Debug|x64.Build.0 = Debug|x64
		{0C510A56-CA20-4504-B352-9B24D5153938}.Debug|x86.ActiveCfg = Debug|Win32
		{0C510A56-CA20-4504-B352-9B24D5153938}.Debug|x86.Build.0 = Debug|Win32
		{0C510A56-CA20-4504-B352-9B24D5153938}.Release|x64.ActiveCfg = Release|x64
		{0C510A56-CA20-4504-B352-9B24D5153938}.Release|x64.Build.0 = Release|x64
		{0C510A56-CA20-4504-B352-9B24D5153938}.Release|x86.ActiveCfg = Release|Win32
		{0C510A56-CA20-4504-B352-9B24D5153938}.Release|x86.Build.0 = Release|Win32
		{48193DD0-E403-45FE-8A2C-C7C83C2F854E}.Debug|x64.ActiveCfg = Debug|x64
		{48193DD0-E403-45FE-8A2C-C7C83C2F854E}.Debug|x64.Build.0 = Debug|x64
		{48193DD0-E403-45FE-8A2C-C7C83C2F854E}.Debug|x86.ActiveCfg = Debug|Win32
		{48193DD0-E403-45FE-8A2C-C7C83C2F854E}.Debug|x86.Build.0 = Debug|Win32
		{48193DD0-E403-45FE-8A2C-C7C83C2F854E}.Release|x64.ActiveCfg = Release|x64
		{48193DD0-E403-45FE-8A2C-C7C83C2F854E}.Release|x64.Build.0 = Release|x64
		{48193DD0-E403-45FE-8A2C-C7C83C2F854E}.Release|x86.ActiveCfg = Release|Win32
		{48193DD0-E403-45FE-8A2C-C7C83C2F854E}.Release|x86.Build.0 = Release|Win32
		{35194382-5E1F-4476-8015-2F7115FD2B77}.Debug|x64.ActiveCfg = Debug|x64
		{35194382-5E1F-4476-8015-2F7115FD2B77}.Debug|x64.Build.0 = Debug|x64
		{35194382-5E1F-4476-8015-2F7115FD2B77}.Debug|x86.ActiveCfg = Debug|Win32
		{35194382-5E1F-4476-8015-2F7115FD2B77}.Debug|x86.Build.0 = Debug|Win32
		{35194382-5E1F-4476-8015-2F7115FD2B77}.Release|x64.ActiveCfg = Release|x64
		{35194382-5E1F-4476-8015-2F7115FD2B77}.Release|x64.Build.0 = Release|x64
		{35194382-5E1F-4476-8015-2F7115FD2B77}.Release|x86.ActiveCfg = Release|Win32
		{35194382-5E1F-4476-8015-2F7115FD2B77}.Release|x86.Build.0 = Release|Win32
		{92D161E5-23FC-4E67-BEBE-4189EAE3C5DD}.Debug|x64.ActiveCfg = Debug|x64
		{92D161E5-23FC-4E67-BEBE-4189EAE3C5DD}.Debug|x64.Build.0 = Debug|x64
		{92D161E5-23FC-4E67-BEBE-4189EAE3C5DD}.Debug|x86.ActiveCfg = Debug|Win32
		{92D161E5-23FC-4E67-BEBE-4189EAE3C5DD}.Debug|x86.Build.0 = Debug|Win32
		{92D161E5-23FC-4E67-BEBE-4189EAE3C5DD}.Release|x64.ActiveCfg = Release|x64
		{92D161E5-23FC-4E67-BEBE-4189EAE3C5DD}.Release|x64.Build.0 = Release|x64
		{92D161E5-23FC-4E67-BEBE-4189EAE3C5DD}.Release|x86.ActiveCfg = Release|Win32
		{92D161E5-23FC-4E67-BEBE-4189EAE3C5DD}.Release|x86.Build.0 = Release|Win32
		{9E003CD7-11A7-4B29-8329-5418B3853F34}.Debug|x64.ActiveCfg = Debug|x64
		{9E003CD7-11A7-4B29-8329-5418B3853F34}.Debug|x64.Build.0 = Debug|x64
		{9E003CD7-11A7-4B29-8329-5418B3853F34}.Debug|x86.ActiveCfg = Debug|Win32
		{9E003CD7-11A7-4B29-8329-5418B3853F34}.Debug|x86.Build.0 = Debug|Win32
		{9E003CD7-11A7-4B29-8329-5418B3853F34}.Release|x64.ActiveCfg = Release|x64
		{9E003CD7-11A7-4B29-8329-5418B3853F34}.Release|x64.Build.0 = Release|x64
		{9E003CD7-11A7-4B29-8329-5418B3853F34}.Release|x86.ActiveCfg = Release|Win32
		{9E003CD7-11A7-4B29-8329-5418B3853F34}.Release|x86.Build.0 = Release|Win32
		{FF79AC93-0A08-494C-8ADB-58FAED2503CB}.Debug|x64.ActiveCfg = Debug|x64
		{FF79AC93-0A08-494C-8ADB-58FAED2503CB}.Debug|x64.Build.0 = Debug|x64
		{FF79AC93-0A08-494C-8ADB-58FAED2503CB}.Debug|x86.ActiveCfg = Debug|Win32
		{FF79AC93-0A08-494C-8ADB-58FAED2503CB}.Debug|x86.Build.0 = Debug|Win32
		{FF79AC93-0A08-494C-8ADB-58FAED2503CB}.Release|x64.ActiveCfg = Release|x64
		{FF79AC93-0A08-494C-8ADB-58FAED2503CB}.Release|x64.Build.0 = Release|x64
		{FF79AC93-0A08-494C-8ADB-58FAED2503CB}.Release|x86.ActiveCfg = Release|Win32
		{FF79AC93-0A08-494C-8ADB-58FAED2503CB}.Release|x86.Build.0 = Release|Win32
		{0758B537-626A-4EFF-A90E-7BADC03F2F01}.Debug|x64.ActiveCfg = Debug|x64
		{0758B537-626A-4EFF-A90E-7BADC03F2F01}.Debug|x64.Build.0 = Debug|x64
		{0758B537-626A-4EFF-A90E-7BADC03F2F01}.Debug|x86.ActiveCfg = Debug|Win32
		{0758B537-626A-4EFF-A90E-7BADC03F2F01}.Debug|x86.Build.0 = Debug|Win32
		{0758B537-626A-4EFF-A90E-7BADC03F2F01}.Release|x64.ActiveCfg = Release|x64
		{0758B537-626A-4EFF-A90E-7BADC03F2F01}.Release|x64.Build.0 = Release|x64
		{0758B537-626A-4EFF-A90E-7BADC03F2F01}.Release|x86.ActiveCfg = Release|Win32
		{0758B537-626A-4EFF-A90E-7BADC03F2F01}.Release|x86.Build.0 = Release|Win32
		{922FE174-E2B1-4B58-9510-C8F62AA91A03}.Debug|x64.ActiveCfg = Debug|x64
		{922FE174-E2B1-4B58-9510-C8F62AA91A03}.Debug|x64.Build.0 = Debug|x64
		{922FE174-E2B1-4B58-9510-C8F62AA91A03}.Debug|x86.ActiveCfg = Debug|Win32
		{922FE174-E2B1-4B58-9510-C8F62AA91A03}.Debug|x86.Build.0 = Debug|Win32
		{922FE174-E2B1-4B58-9510-C8F62AA91A03}.Release|x64.ActiveCfg = Release|x64
		{922FE174-E2B1-4B58-9510-C8F62AA91A03}.Release|x64.Build.0 = Release|x64
		{922FE174-E2B1-4B58-9510-C8F62AA91A03}.Release|x86.ActiveCfg = Release|Win32
		{922FE174-E2B1-4B58-9510-C8F62AA91A03}.Release|x86.Build.0 = Release|Win32
		{BE500C0E-6EE6-4F0C-BC01-77A35C9C1375}.Debug|x64.ActiveCfg = Debug|x64
		{BE500C0E-6EE6-4F0C-BC01-77A35C9C1375}.Debug|x64.Build.0 = Debug|x64
		{BE500C0E-6EE6-4F0C-BC01-77A35C9C1375}.Debug|x86.ActiveCfg = Debug|Win32
		{BE500C0E-6EE6-4F0C-BC01-77A35C9C1375}.Debug|x86.Build.0 = Debug|Win32
		{BE500C0E-6EE6-4F0C-BC01-77A35C9C1375}.Release|x64.ActiveCfg = Release|x64
		{BE500C0E-6EE6-4F0C-BC01-77A35C9C1375}.Release|x64.Build.0 = Release|x64
		{BE500C0E-6EE6-4F0C-BC01-77A35C9C1375}.Release|x86.ActiveCfg = Release|Win32
		{BE500C0E-6EE6-4F0C-BC01-77A35C9C1375}.Release|x86.Build.0 = Release|Win32
		{3343AC4D-8951-4D86-8AC5-5535D677BEDE}.Debug|x64.ActiveCfg = Debug|x64
		{3343AC4D-8951-4D86-8AC5-5535D677BEDE}.Debug|x64.Build.0 = Debug|x64
		{3343AC4D-8951-4D86-8AC5-5535D677BEDE}.Debug|x86.ActiveCfg = Debug|Win32
		{3343AC4D-8951-4D86-8AC5-5535D677BEDE}.Debug|x86.Build.0 = Debug|Win32
		{3343AC4D-8951-4D86-8AC5-5535D677BEDE}.Release|x64.ActiveCfg = Release|x64
		{3343AC4D-8951-4D86-8AC5-5535D677BEDE}.Release|x64.Build.0 = Release|x64
		{3343AC4D-8951-4D86-8AC5-5535D677BEDE}.Release|x86.ActiveCfg = Release|Win32
		{3343AC4D-8951-4D86-8AC5-5535D677BEDE}.Release|x86.Build.0 = Release|Win32
		{A4C57132-21BE-40D9-8DD0-31F8CF7F2CD5}.Debug|x64.ActiveCfg = Debug|x64
		{A4C57132-21BE-40D9-8DD0-31F8CF7F2CD5}.Debug|x64.Build.0 = Debug|x64
		{A4C57132-21BE-40D9-8DD0-31F8CF7F2CD5}.Debug|x86.ActiveCfg = Debug|Win32
		{A4C57132-21BE-40D9-8DD0-31F8CF7F2CD5}.Debug|x86.Build.0 = Debug|Win32
		{A4C57132-21BE-40D9-8DD0-31F8CF7F2CD5}.Release|x64.ActiveCfg = Release|x64
		{A4C57132-21BE-40D9-8DD0-31F8CF7F2CD5}.Release|x64.Build.0 = Release|x64
		{A4C57132-21BE-40D9-8DD0-31F8CF7F2CD5}.Release|x86.ActiveCfg = Release|Win32
		{A4C57132-21BE-40D9-8DD0-31F8CF7F2CD5}.Release|x86.Build.0 = Release|Win32
		{E60E4A41-D42B-4481-9120-6BE179C84756}.Debug|x64.ActiveCfg = Debug|x64
		{E60E4A41-D42B-4481-9120-6BE179C84756}.Debug|x64.Build.0 = Debug|x64
		{E60E4A41-D42B-4481-9120-6BE179C84756}.Debug|x86.ActiveCfg = Debug|Win32
		{E60E4A41-D42B-4481-9120-6BE179C84756}.Debug|x86.Build.0 = Debug|Win32
		{E60E4A41-D42B-4481-9120-6BE179C84756}.Release|x64.ActiveCfg = Release|x64
		{E60E4A41-D42B-4481-9120-6BE179C84756}.Release|x64.Build.0 = Release|x64
		{E60E4A41-D42B-4481-9120-6BE179C84756}.Release|x86.ActiveCfg = Release|Win32
		{E60E4A41-D42B-4481-9120-6BE179C84756}.Release|x86.Build.0 = Release|Win32
		{C2DC5B22-4834-4884-909B-B8A1C3F75A5E}.Debug|x64.ActiveCfg = Debug|x64
		{C2DC5B22-4834-4884-909B-B8A1C3F75A5E}.Debug|x64.Build.0 = Debug|x64
		{C2DC5B22-4834-4884-909B-B8A1C3F75A5E}.Debug|x86.ActiveCfg = Debug|Win32
		{C2DC5B22-4834-4884-909B-B8A1C3F75A5E}.Debug|x86.Build.0 = Debug|Win32
		{C2DC5B22-4834-4884-909B-B8A1C3F75A5E}.Release|x64.ActiveCfg = Release|x64
		{C2DC5B22-4834-4884-909B-B8A1C3F75A5E}.Release|x64.Build.0 = Release|x64
		{C2DC5B22-4834-4884-909B-B8A1C3F75A5E}.Release|x86.ActiveCfg = Release|Win32
		{C2DC5B22-4834-4884-909B-B8A1C3F75A5E}.Release|x86.Build.0 = Release|Win32
		{B5B7A1BD-B1D3-4BFE-98D8-ED016CDB66D8}.Debug|x64.ActiveCfg = Debug|x64
		{B5B7A1BD-B1D3-4BFE-98D8-ED016CDB66D8}.Debug|x64.Build.0 = Debug|x64
		{B5B7A1BD-B1D3-4BFE-98D8-ED016CDB66D8}.Debug|x86.ActiveCfg = Debug|Win32
		{B5B7A1BD-B1D3-4BFE-98D8-ED016CDB66D8}.Debug|x86.Build.0 = Debug|Win32
		{B5B7A1BD-B1D3-4BFE-98D8-ED016CDB66D8}.Release|x64.ActiveCfg = Release|x64
		{B5B7A1BD-B1D3-4BFE-98D8-ED016CDB66D8}.Release|x64.Build.0 = Release|x64
		{B5B7A1BD-B1D3-4BFE-98D8-ED016CDB66D8}.Release|x86.ActiveCfg = Release|Win32
		{B5B7A1BD-B1D3-4BFE-98D8-ED016CDB66D8}.Release|x86.Build.0 = Release|Win32
		{54A50561-1274-44EA-A153-8F3127D2D87E}.Debug|x64.ActiveCfg = Debug|x64
		{54A50561-1274-44EA-A153-8F3127D2D87E}.Debug|x64.Build.0 = Debug|x64
		{54A50561-1274-44EA-A153-8F3127D2D87E}.Debug|x86.ActiveCfg = Debug|Win32
		{54A50561-1274-44EA-A153-8F3127D2D87E}.Debug|x86.Build.0 = Debug|Win32
		{54A50561-1274-44EA-A153-8F3127D2D87E}.Release|x64.ActiveCfg = Release|x64
		{54A50561-1274-44EA-A153-8F3127D2D87E}.Release|x64.Build.0 = Release|x64
		{54A50561-1274-44EA-A153-8F3127D2D87E}.Release|x86.ActiveCfg = Release|Win32
		{54A50561-1274-44EA-A153-8F3127D2D87E}.Release|x86.Build.0 = Release|Win32
		{C04327B2-536A-47D8-8255-7A76FE59F1EC}.Debug|x64.ActiveCfg = Debug|x64
		{C04327B2-536A-47D8-8255-7A76FE59F1EC}.Debug|x64.Build.0 = Debug|x64
		{C04327B2-536A-47D8-8255-7A76FE59F1EC}.Debug|x86.ActiveCfg = Debug|Win32
		{C04327B2-536A-47D8-8255-7A76FE59F1EC}.Debug|x86.Build.0 = Debug|Win32
		{C04327B2-536A-47D8-8255-7A76FE59F1EC}.Release|x64.ActiveCfg = Release|x64
		{C04327B2-536A-47D8-8255-7A76FE59F1EC}.Release|x64.Build.0 = Release|x64
		{C04327B2-536A-47D8-8255-7A76FE59F1EC}.Release|x86.ActiveCfg = Release|Win32
		{C04327B2-536A-47D8-8255-7A76FE59F1EC}.Release|x86.Build.0 = Release|Win32
		{5175B838-CA6A-4352-8855-27ACDAA3FB5E}.Debug|x64.ActiveCfg = Debug|x64
		{5175B838-CA6A-4352-8855-27ACDAA3FB5E}.Debug|x64.Build.0 = Debug|x64
		{5175B838-CA6A-4352-8855-27ACDAA3FB5E}.Debug|x86.ActiveCfg = Debug|Win32
		{5175B838-CA6A-4352-8855-27ACDAA3FB5E}.Debug|x86.Build.0 = Debug|Win32
		{5175B838-CA6A-4352-8855-27ACDAA3FB5E}.Release|x64.ActiveCfg = Release|x64
		{5175B838-CA6A-4352-8855-27ACDAA3FB5E}.Release|x64.Build.0 = Release|x64
		{5175B838-CA6A-4352-8855-27ACDAA3FB5E}.Release|x86.ActiveCfg = Release|Win32
		{5175B838-CA6A-4352-8855-27ACDAA3FB5E}.Release|x86.Build.0 = Release|Win32
		{3E396327-1E2E-4272-BD6F-DC165C7E9393}.Debug|x64.ActiveCfg = Debug|x64
		{3E396327-1E2E-4272-BD6F-DC165C7E9393}.Debug|x64.Build.0 = Debug|x64
		{3E396327-1E2E-4272-BD6F-DC165C7E9393}.Debug|x86.ActiveCfg = Debug|Win32
		{3E396327-1E2E-4272-BD6F-DC165C7E9393}.Debug|x86.Build.0 = Debug|Win32
		{3E396327-1E2E-4272-BD6F-DC165C7E9393}.Release|x64.ActiveCfg = Release|x64
		{3E396327-1E2E-4272-BD6F-DC165C7E9393}.Release|x64.Build.0 = Release|x64
		{3E396327-1E2E-4272-BD6F-DC165C7E9393}.Release|x86.ActiveCfg = Release|Win32
		{3E396327-1E2E-4272-BD6F-DC165C7E9393}.Release|x86.Build.0 = Release|Win32
		{E00EBC40-F11D-4604-9890-1E410D36B6C8}.Debug|x64.ActiveCfg = Debug|x64
		{E00EBC40-F11D-4604-9890-1E410D36B6C8}.Debug|x64.Build.0 = Debug|x64
		{E00EBC40-F11D-4604-9890-1E410D36B6C8}.Debug|x86.ActiveCfg = Debug|Win32
		{E00EBC40-F11D-4604-9890-1E410D36B6C8}.Debug|x86.Build.0 = Debug|Win32
		{E00EBC40-F11D-4604-9890-1E410D36B6C8}.Release|x64.ActiveCfg = Release|x64
		{E00EBC40-F11D-4604-9890-1E410D36B6C8}.Release|x64.Build.0 = Release|x64
		{E00EBC40-F11D-4604-9890-1E410D36B6C8}.Release|x86.ActiveCfg = Release|Win32
		{E00EBC40-F11D-4604-9890-1E410D36B6C8}.Release|x86.Build.0 = Release|Win32
	EndGlobalSection
	GlobalSection(SolutionProperties) = preSolution
		HideSolutionNode = FALSE
	EndGlobalSection
	GlobalSection(ExtensibilityGlobals) = postSolution
		SolutionGuid = {9926D787-F474-4133-8FF8-4B82ABF815AE}
	EndGlobalSection
EndGlobal
