
Microsoft Visual Studio Solution File, Format Version 12.00
# Visual Studio Version 18
VisualStudioVersion = 18.0.11205.157 d18.0
MinimumVisualStudioVersion = 10.0.40219.1
Project("{8BC9CEB8-8B4A-11D0-8D11-00A0C91BC942}") = "00_Concepts", "00_Concepts\00_Concepts.vcxproj", "{5121D36A-B80B-4E46-B38A-6A237852DA0B}"
EndProject
Project("{8BC9CEB8-8B4A-11D0-8D11-00A0C91BC942}") = "00_ConceptsTest", "00_ConceptsTest\00_ConceptsTest.vcxproj", "{D926D8D9-EFC9-454E-A6B8-7D50223CCD30}"
EndProject
Project("{8BC9CEB8-8B4A-11D0-8D11-00A0C91BC942}") = "01_FinancialModule", "01_FinancialModule\01_FinancialModule.vcxproj", "{F511327C-B828-412F-B2A5-1548A6653BF6}"
EndProject
Project("{8BC9CEB8-8B4A-11D0-8D11-00A0C91BC942}") = "01_ModulesApp", "01_ModulesApp\01_ModulesApp.vcxproj", "{999A55E1-2354-4FE3-827A-7F899089ADB5}"
EndProject
Project("{8BC9CEB8-8B4A-11D0-8D11-00A0C91BC942}") = "01_ModulesTest", "01_ModulesTest\01_ModulesTest.vcxproj", "{5FDE0367-C96C-4A3A-BBEC-AB6D8E11B82A}"
EndProject
Project("{8BC9CEB8-8B4A-11D0-8D11-00A0C91BC942}") = "02_Ranges", "02_Ranges\02_Ranges.vcxproj", "{8C768C83-FA55-4C81-B14B-AAE5EB80E155}"
EndProject
Project("{8BC9CEB8-8B4A-11D0-8D11-00A0C91BC942}") = "02_RangesTest", "02_RangesTest\02_RangesTest.vcxproj", "{113E5832-D4C6-4A7B-9B31-CD58E446CA04}"
EndProject
Project("{8BC9CEB8-8B4A-11D0-8D11-00A0C91BC942}") = "03_Coroutines", "03_Coroutines\03_Coroutines.vcxproj", "{512047B5-97E2-42FD-BAB1-A8C6ED607693}"
EndProject
Project("{8BC9CEB8-8B4A-11D0-8D11-00A0C91BC942}") = "03_CoroutinesTest", "03_CoroutinesTest\03_CoroutinesTest.vcxproj", "{2BB11B2E-5AE3-458C-97CC-1FFBE0758148}"
EndProject
Project("{8BC9CEB8-8B4A-11D0-8D11-00A0C91BC942}") = "04_Concurrency", "04_Concurrency\04_Concurrency.vcxproj", "{BE5F9007-B3F6-4D88-9D2C-636FDEDE0A79}"
EndProject
Project("{8BC9CEB8-8B4A-11D0-8D11-00A0C91BC942}") = "04_ConcurrencyTest", "04_ConcurrencyTest\04_ConcurrencyTest.vcxproj", "{C231B4FD-4CEA-43B5-8D2D-FF3D4CD7B244}"
EndProject
Project("{8BC9CEB8-8B4A-11D0-8D11-00A0C91BC942}") = "05_Formatting", "05_Formatting\05_Formatting.vcxproj", "{F60EA144-EFF2-488C-B6B1-A2DB292AD0CC}"
EndProject
Project("{8BC9CEB8-8B4A-11D0-8D11-00A0C91BC942}") = "05_FormattingTest", "05_FormattingTest\05_FormattingTest.vcxproj", "{0909B87F-19C7-4A6E-8930-3131A10114CF}"
EndProject
Project("{8BC9CEB8-8B4A-11D0-8D11-00A0C91BC942}") = "06_ThreeWayComp", "06_ThreeWayComp\06_ThreeWayComp.vcxproj", "{56FEECA8-7A98-42EA-BB3A-D92BB9FD3756}"
EndProject
Project("{8BC9CEB8-8B4A-11D0-8D11-00A0C91BC942}") = "06_ThreeWayCompTest", "06_ThreeWayCompTest\06_ThreeWayCompTest.vcxproj", "{82A23084-B98A-4953-A058-94A45E6FD481}"
EndProject
Project("{8BC9CEB8-8B4A-11D0-8D11-00A0C91BC942}") = "07_DesignatedInit", "07_DesignatedInit\07_DesignatedInit.vcxproj", "{B6F8B0CA-590A-4B40-8A09-EB259C36E56D}"
EndProject
Project("{8BC9CEB8-8B4A-11D0-8D11-00A0C91BC942}") = "07_DesignatedInitTest", "07_DesignatedInitTest\07_DesignatedInitTest.vcxproj", "{DD3B1CAE-F0B9-446C-BF66-E88856410785}"
EndProject
Project("{8BC9CEB8-8B4A-11D0-8D11-00A0C91BC942}") = "08_Constexpr", "08_Constexpr\08_Constexpr.vcxproj", "{CDC8DFF2-826E-42B8-AB5C-C66A76604ED6}"
EndProject
Project("{8BC9CEB8-8B4A-11D0-8D11-00A0C91BC942}") = "08_ConstexprTest", "08_ConstexprTest\08_ConstexprTest.vcxproj", "{CE361A61-0E9C-4FC9-AF7C-CE3458E302FF}"
EndProject
Project("{8BC9CEB8-8B4A-11D0-8D11-00A0C91BC942}") = "09_AtomicWait", "09_AtomicWait\09_AtomicWait.vcxproj", "{9DD8E12B-2EDA-477D-AF06-B242509CEBE9}"
EndProject
Project("{8BC9CEB8-8B4A-11D0-8D11-00A0C91BC942}") = "09_AtomicWaitTest", "09_AtomicWaitTest\09_AtomicWaitTest.vcxproj", "{71B6FC20-9336-47D7-807A-D1BED1CE9162}"
EndProject
Project("{8BC9CEB8-8B4A-11D0-8D11-00A0C91BC942}") = "10_SyncStreams", "10_SyncStreams\10_SyncStreams.vcxproj", "{F640E46D-0186-4839-98CC-25304260ABC9}"
EndProject
Project("{8BC9CEB8-8B4A-11D0-8D11-00A0C91BC942}") = "10_SyncStreamsTest", "10_SyncStreamsTest\10_SyncStreamsTest.vcxproj", "{0020F929-D7DB-42E3-AA1E-C98D5FED4437}"
EndProject
Global
	GlobalSection(SolutionConfigurationPlatforms) = preSolution
		Debug|x64 = Debug|x64
		Debug|x86 = Debug|x86
		Release|x64 = Release|x64
		Release|x86 = Release|x86
	EndGlobalSection
	GlobalSection(ProjectConfigurationPlatforms) = postSolution
		{5121D36A-B80B-4E46-B38A-6A237852DA0B}.Debug|x64.ActiveCfg = Debug|x64
		{5121D36A-B80B-4E46-B38A-6A237852DA0B}.Debug|x64.Build.0 = Debug|x64
		{5121D36A-B80B-4E46-B38A-6A237852DA0B}.Debug|x86.ActiveCfg = Debug|Win32
		{5121D36A-B80B-4E46-B38A-6A237852DA0B}.Debug|x86.Build.0 = Debug|Win32
		{5121D36A-B80B-4E46-B38A-6A237852DA0B}.Release|x64.ActiveCfg = Release|x64
		{5121D36A-B80B-4E46-B38A-6A237852DA0B}.Release|x64.Build.0 = Release|x64
		{5121D36A-B80B-4E46-B38A-6A237852DA0B}.Release|x86.ActiveCfg = Release|Win32
		{5121D36A-B80B-4E46-B38A-6A237852DA0B}.Release|x86.Build.0 = Release|Win32
		{D926D8D9-EFC9-454E-A6B8-7D50223CCD30}.Debug|x64.ActiveCfg = Debug|x64
		{D926D8D9-EFC9-454E-A6B8-7D50223CCD30}.Debug|x64.Build.0 = Debug|x64
		{D926D8D9-EFC9-454E-A6B8-7D50223CCD30}.Debug|x86.ActiveCfg = Debug|Win32
		{D926D8D9-EFC9-454E-A6B8-7D50223CCD30}.Debug|x86.Build.0 = Debug|Win32
		{D926D8D9-EFC9-454E-A6B8-7D50223CCD30}.Release|x64.ActiveCfg = Release|x64
		{D926D8D9-EFC9-454E-A6B8-7D50223CCD30}.Release|x64.Build.0 = Release|x64
		{D926D8D9-EFC9-454E-A6B8-7D50223CCD30}.Release|x86.ActiveCfg = Release|Win32
		{D926D8D9-EFC9-454E-A6B8-7D50223CCD30}.Release|x86.Build.0 = Release|Win32
		{F511327C-B828-412F-B2A5-1548A6653BF6}.Debug|x64.ActiveCfg = Debug|x64
		{F511327C-B828-412F-B2A5-1548A6653BF6}.Debug|x64.Build.0 = Debug|x64
		{F511327C-B828-412F-B2A5-1548A6653BF6}.Debug|x86.ActiveCfg = Debug|Win32
		{F511327C-B828-412F-B2A5-1548A6653BF6}.Debug|x86.Build.0 = Debug|Win32
		{F511327C-B828-412F-B2A5-1548A6653BF6}.Release|x64.ActiveCfg = Release|x64
		{F511327C-B828-412F-B2A5-1548A6653BF6}.Release|x64.Build.0 = Release|x64
		{F511327C-B828-412F-B2A5-1548A6653BF6}.Release|x86.ActiveCfg = Release|Win32
		{F511327C-B828-412F-B2A5-1548A6653BF6}.Release|x86.Build.0 = Release|Win32
		{999A55E1-2354-4FE3-827A-7F899089ADB5}.Debug|x64.ActiveCfg = Debug|x64
		{999A55E1-2354-4FE3-827A-7F899089ADB5}.Debug|x64.Build.0 = Debug|x64
		{999A55E1-2354-4FE3-827A-7F899089ADB5}.Debug|x86.ActiveCfg = Debug|Win32
		{999A55E1-2354-4FE3-827A-7F899089ADB5}.Debug|x86.Build.0 = Debug|Win32
		{999A55E1-2354-4FE3-827A-7F899089ADB5}.Release|x64.ActiveCfg = Release|x64
		{999A55E1-2354-4FE3-827A-7F899089ADB5}.Release|x64.Build.0 = Release|x64
		{999A55E1-2354-4FE3-827A-7F899089ADB5}.Release|x86.ActiveCfg = Release|Win32
		{999A55E1-2354-4FE3-827A-7F899089ADB5}.Release|x86.Build.0 = Release|Win32
		{5FDE0367-C96C-4A3A-BBEC-AB6D8E11B82A}.Debug|x64.ActiveCfg = Debug|x64
		{5FDE0367-C96C-4A3A-BBEC-AB6D8E11B82A}.Debug|x64.Build.0 = Debug|x64
		{5FDE0367-C96C-4A3A-BBEC-AB6D8E11B82A}.Debug|x86.ActiveCfg = Debug|Win32
		{5FDE0367-C96C-4A3A-BBEC-AB6D8E11B82A}.Debug|x86.Build.0 = Debug|Win32
		{5FDE0367-C96C-4A3A-BBEC-AB6D8E11B82A}.Release|x64.ActiveCfg = Release|x64
		{5FDE0367-C96C-4A3A-BBEC-AB6D8E11B82A}.Release|x64.Build.0 = Release|x64
		{5FDE0367-C96C-4A3A-BBEC-AB6D8E11B82A}.Release|x86.ActiveCfg = Release|Win32
		{5FDE0367-C96C-4A3A-BBEC-AB6D8E11B82A}.Release|x86.Build.0 = Release|Win32
		{8C768C83-FA55-4C81-B14B-AAE5EB80E155}.Debug|x64.ActiveCfg = Debug|x64
		{8C768C83-FA55-4C81-B14B-AAE5EB80E155}.Debug|x64.Build.0 = Debug|x64
		{8C768C83-FA55-4C81-B14B-AAE5EB80E155}.Debug|x86.ActiveCfg = Debug|Win32
		{8C768C83-FA55-4C81-B14B-AAE5EB80E155}.Debug|x86.Build.0 = Debug|Win32
		{8C768C83-FA55-4C81-B14B-AAE5EB80E155}.Release|x64.ActiveCfg = Release|x64
		{8C768C83-FA55-4C81-B14B-AAE5EB80E155}.Release|x64.Build.0 = Release|x64
		{8C768C83-FA55-4C81-B14B-AAE5EB80E155}.Release|x86.ActiveCfg = Release|Win32
		{8C768C83-FA55-4C81-B14B-AAE5EB80E155}.Release|x86.Build.0 = Release|Win32
		{113E5832-D4C6-4A7B-9B31-CD58E446CA04}.Debug|x64.ActiveCfg = Debug|x64
		{113E5832-D4C6-4A7B-9B31-CD58E446CA04}.Debug|x64.Build.0 = Debug|x64
		{113E5832-D4C6-4A7B-9B31-CD58E446CA04}.Debug|x86.ActiveCfg = Debug|Win32
		{113E5832-D4C6-4A7B-9B31-CD58E446CA04}.Debug|x86.Build.0 = Debug|Win32
		{113E5832-D4C6-4A7B-9B31-CD58E446CA04}.Release|x64.ActiveCfg = Release|x64
		{113E5832-D4C6-4A7B-9B31-CD58E446CA04}.Release|x64.Build.0 = Release|x64
		{113E5832-D4C6-4A7B-9B31-CD58E446CA04}.Release|x86.ActiveCfg = Release|Win32
		{113E5832-D4C6-4A7B-9B31-CD58E446CA04}.Release|x86.Build.0 = Release|Win32
		{512047B5-97E2-42FD-BAB1-A8C6ED607693}.Debug|x64.ActiveCfg = Debug|x64
		{512047B5-97E2-42FD-BAB1-A8C6ED607693}.Debug|x64.Build.0 = Debug|x64
		{512047B5-97E2-42FD-BAB1-A8C6ED607693}.Debug|x86.ActiveCfg = Debug|Win32
		{512047B5-97E2-42FD-BAB1-A8C6ED607693}.Debug|x86.Build.0 = Debug|Win32
		{512047B5-97E2-42FD-BAB1-A8C6ED607693}.Release|x64.ActiveCfg = Release|x64
		{512047B5-97E2-42FD-BAB1-A8C6ED607693}.Release|x64.Build.0 = Release|x64
		{512047B5-97E2-42FD-BAB1-A8C6ED607693}.Release|x86.ActiveCfg = Release|Win32
		{512047B5-97E2-42FD-BAB1-A8C6ED607693}.Release|x86.Build.0 = Release|Win32
		{2BB11B2E-5AE3-458C-97CC-1FFBE0758148}.Debug|x64.ActiveCfg = Debug|x64
		{2BB11B2E-5AE3-458C-97CC-1FFBE0758148}.Debug|x64.Build.0 = Debug|x64
		{2BB11B2E-5AE3-458C-97CC-1FFBE0758148}.Debug|x86.ActiveCfg = Debug|Win32
		{2BB11B2E-5AE3-458C-97CC-1FFBE0758148}.Debug|x86.Build.0 = Debug|Win32
		{2BB11B2E-5AE3-458C-97CC-1FFBE0758148}.Release|x64.ActiveCfg = Release|x64
		{2BB11B2E-5AE3-458C-97CC-1FFBE0758148}.Release|x64.Build.0 = Release|x64
		{2BB11B2E-5AE3-458C-97CC-1FFBE0758148}.Release|x86.ActiveCfg = Release|Win32
		{2BB11B2E-5AE3-458C-97CC-1FFBE0758148}.Release|x86.Build.0 = Release|Win32
		{BE5F9007-B3F6-4D88-9D2C-636FDEDE0A79}.Debug|x64.ActiveCfg = Debug|x64
		{BE5F9007-B3F6-4D88-9D2C-636FDEDE0A79}.Debug|x64.Build.0 = Debug|x64
		{BE5F9007-B3F6-4D88-9D2C-636FDEDE0A79}.Debug|x86.ActiveCfg = Debug|Win32
		{BE5F9007-B3F6-4D88-9D2C-636FDEDE0A79}.Debug|x86.Build.0 = Debug|Win32
		{BE5F9007-B3F6-4D88-9D2C-636FDEDE0A79}.Release|x64.ActiveCfg = Release|x64
		{BE5F9007-B3F6-4D88-9D2C-636FDEDE0A79}.Release|x64.Build.0 = Release|x64
		{BE5F9007-B3F6-4D88-9D2C-636FDEDE0A79}.Release|x86.ActiveCfg = Release|Win32
		{BE5F9007-B3F6-4D88-9D2C-636FDEDE0A79}.Release|x86.Build.0 = Release|Win32
		{C231B4FD-4CEA-43B5-8D2D-FF3D4CD7B244}.Debug|x64.ActiveCfg = Debug|x64
		{C231B4FD-4CEA-43B5-8D2D-FF3D4CD7B244}.Debug|x64.Build.0 = Debug|x64
		{C231B4FD-4CEA-43B5-8D2D-FF3D4CD7B244}.Debug|x86.ActiveCfg = Debug|Win32
		{C231B4FD-4CEA-43B5-8D2D-FF3D4CD7B244}.Debug|x86.Build.0 = Debug|Win32
		{C231B4FD-4CEA-43B5-8D2D-FF3D4CD7B244}.Release|x64.ActiveCfg = Release|x64
		{C231B4FD-4CEA-43B5-8D2D-FF3D4CD7B244}.Release|x64.Build.0 = Release|x64
		{C231B4FD-4CEA-43B5-8D2D-FF3D4CD7B244}.Release|x86.ActiveCfg = Release|Win32
		{C231B4FD-4CEA-43B5-8D2D-FF3D4CD7B244}.Release|x86.Build.0 = Release|Win32
		{F60EA144-EFF2-488C-B6B1-A2DB292AD0CC}.Debug|x64.ActiveCfg = Debug|x64
		{F60EA144-EFF2-488C-B6B1-A2DB292AD0CC}.Debug|x64.Build.0 = Debug|x64
		{F60EA144-EFF2-488C-B6B1-A2DB292AD0CC}.Debug|x86.ActiveCfg = Debug|Win32
		{F60EA144-EFF2-488C-B6B1-A2DB292AD0CC}.Debug|x86.Build.0 = Debug|Win32
		{F60EA144-EFF2-488C-B6B1-A2DB292AD0CC}.Release|x64.ActiveCfg = Release|x64
		{F60EA144-EFF2-488C-B6B1-A2DB292AD0CC}.Release|x64.Build.0 = Release|x64
		{F60EA144-EFF2-488C-B6B1-A2DB292AD0CC}.Release|x86.ActiveCfg = Release|Win32
		{F60EA144-EFF2-488C-B6B1-A2DB292AD0CC}.Release|x86.Build.0 = Release|Win32
		{0909B87F-19C7-4A6E-8930-3131A10114CF}.Debug|x64.ActiveCfg = Debug|x64
		{0909B87F-19C7-4A6E-8930-3131A10114CF}.Debug|x64.Build.0 = Debug|x64
		{0909B87F-19C7-4A6E-8930-3131A10114CF}.Debug|x86.ActiveCfg = Debug|Win32
		{0909B87F-19C7-4A6E-8930-3131A10114CF}.Debug|x86.Build.0 = Debug|Win32
		{0909B87F-19C7-4A6E-8930-3131A10114CF}.Release|x64.ActiveCfg = Release|x64
		{0909B87F-19C7-4A6E-8930-3131A10114CF}.Release|x64.Build.0 = Release|x64
		{0909B87F-19C7-4A6E-8930-3131A10114CF}.Release|x86.ActiveCfg = Release|Win32
		{0909B87F-19C7-4A6E-8930-3131A10114CF}.Release|x86.Build.0 = Release|Win32
		{56FEECA8-7A98-42EA-BB3A-D92BB9FD3756}.Debug|x64.ActiveCfg = Debug|x64
		{56FEECA8-7A98-42EA-BB3A-D92BB9FD3756}.Debug|x64.Build.0 = Debug|x64
		{56FEECA8-7A98-42EA-BB3A-D92BB9FD3756}.Debug|x86.ActiveCfg = Debug|Win32
		{56FEECA8-7A98-42EA-BB3A-D92BB9FD3756}.Debug|x86.Build.0 = Debug|Win32
		{56FEECA8-7A98-42EA-BB3A-D92BB9FD3756}.Release|x64.ActiveCfg = Release|x64
		{56FEECA8-7A98-42EA-BB3A-D92BB9FD3756}.Release|x64.Build.0 = Release|x64
		{56FEECA8-7A98-42EA-BB3A-D92BB9FD3756}.Release|x86.ActiveCfg = Release|Win32
		{56FEECA8-7A98-42EA-BB3A-D92BB9FD3756}.Release|x86.Build.0 = Release|Win32
		{82A23084-B98A-4953-A058-94A45E6FD481}.Debug|x64.ActiveCfg = Debug|x64
		{82A23084-B98A-4953-A058-94A45E6FD481}.Debug|x64.Build.0 = Debug|x64
		{82A23084-B98A-4953-A058-94A45E6FD481}.Debug|x86.ActiveCfg = Debug|Win32
		{82A23084-B98A-4953-A058-94A45E6FD481}.Debug|x86.Build.0 = Debug|Win32
		{82A23084-B98A-4953-A058-94A45E6FD481}.Release|x64.ActiveCfg = Release|x64
		{82A23084-B98A-4953-A058-94A45E6FD481}.Release|x64.Build.0 = Release|x64
		{82A23084-B98A-4953-A058-94A45E6FD481}.Release|x86.ActiveCfg = Release|Win32
		{82A23084-B98A-4953-A058-94A45E6FD481}.Release|x86.Build.0 = Release|Win32
		{B6F8B0CA-590A-4B40-8A09-EB259C36E56D}.Debug|x64.ActiveCfg = Debug|x64
		{B6F8B0CA-590A-4B40-8A09-EB259C36E56D}.Debug|x64.Build.0 = Debug|x64
		{B6F8B0CA-590A-4B40-8A09-EB259C36E56D}.Debug|x86.ActiveCfg = Debug|Win32
		{B6F8B0CA-590A-4B40-8A09-EB259C36E56D}.Debug|x86.Build.0 = Debug|Win32
		{B6F8B0CA-590A-4B40-8A09-EB259C36E56D}.Release|x64.ActiveCfg = Release|x64
		{B6F8B0CA-590A-4B40-8A09-EB259C36E56D}.Release|x64.Build.0 = Release|x64
		{B6F8B0CA-590A-4B40-8A09-EB259C36E56D}.Release|x86.ActiveCfg = Release|Win32
		{B6F8B0CA-590A-4B40-8A09-EB259C36E56D}.Release|x86.Build.0 = Release|Win32
		{DD3B1CAE-F0B9-446C-BF66-E88856410785}.Debug|x64.ActiveCfg = Debug|x64
		{DD3B1CAE-F0B9-446C-BF66-E88856410785}.Debug|x64.Build.0 = Debug|x64
		{DD3B1CAE-F0B9-446C-BF66-E88856410785}.Debug|x86.ActiveCfg = Debug|Win32
		{DD3B1CAE-F0B9-446C-BF66-E88856410785}.Debug|x86.Build.0 = Debug|Win32
		{DD3B1CAE-F0B9-446C-BF66-E88856410785}.Release|x64.ActiveCfg = Release|x64
		{DD3B1CAE-F0B9-446C-BF66-E88856410785}.Release|x64.Build.0 = Release|x64
		{DD3B1CAE-F0B9-446C-BF66-E88856410785}.Release|x86.ActiveCfg = Release|Win32
		{DD3B1CAE-F0B9-446C-BF66-E88856410785}.Release|x86.Build.0 = Release|Win32
		{CDC8DFF2-826E-42B8-AB5C-C66A76604ED6}.Debug|x64.ActiveCfg = Debug|x64
		{CDC8DFF2-826E-42B8-AB5C-C66A76604ED6}.Debug|x64.Build.0 = Debug|x64
		{CDC8DFF2-826E-42B8-AB5C-C66A76604ED6}.Debug|x86.ActiveCfg = Debug|Win32
		{CDC8DFF2-826E-42B8-AB5C-C66A76604ED6}.Debug|x86.Build.0 = Debug|Win32
		{CDC8DFF2-826E-42B8-AB5C-C66A76604ED6}.Release|x64.ActiveCfg = Release|x64
		{CDC8DFF2-826E-42B8-AB5C-C66A76604ED6}.Release|x64.Build.0 = Release|x64
		{CDC8DFF2-826E-42B8-AB5C-C66A76604ED6}.Release|x86.ActiveCfg = Release|Win32
		{CDC8DFF2-826E-42B8-AB5C-C66A76604ED6}.Release|x86.Build.0 = Release|Win32
		{CE361A61-0E9C-4FC9-AF7C-CE3458E302FF}.Debug|x64.ActiveCfg = Debug|x64
		{CE361A61-0E9C-4FC9-AF7C-CE3458E302FF}.Debug|x64.Build.0 = Debug|x64
		{CE361A61-0E9C-4FC9-AF7C-CE3458E302FF}.Debug|x86.ActiveCfg = Debug|Win32
		{CE361A61-0E9C-4FC9-AF7C-CE3458E302FF}.Debug|x86.Build.0 = Debug|Win32
		{CE361A61-0E9C-4FC9-AF7C-CE3458E302FF}.Release|x64.ActiveCfg = Release|x64
		{CE361A61-0E9C-4FC9-AF7C-CE3458E302FF}.Release|x64.Build.0 = Release|x64
		{CE361A61-0E9C-4FC9-AF7C-CE3458E302FF}.Release|x86.ActiveCfg = Release|Win32
		{CE361A61-0E9C-4FC9-AF7C-CE3458E302FF}.Release|x86.Build.0 = Release|Win32
		{9DD8E12B-2EDA-477D-AF06-B242509CEBE9}.Debug|x64.ActiveCfg = Debug|x64
		{9DD8E12B-2EDA-477D-AF06-B242509CEBE9}.Debug|x64.Build.0 = Debug|x64
		{9DD8E12B-2EDA-477D-AF06-B242509CEBE9}.Debug|x86.ActiveCfg = Debug|Win32
		{9DD8E12B-2EDA-477D-AF06-B242509CEBE9}.Debug|x86.Build.0 = Debug|Win32
		{9DD8E12B-2EDA-477D-AF06-B242509CEBE9}.Release|x64.ActiveCfg = Release|x64
		{9DD8E12B-2EDA-477D-AF06-B242509CEBE9}.Release|x64.Build.0 = Release|x64
		{9DD8E12B-2EDA-477D-AF06-B242509CEBE9}.Release|x86.ActiveCfg = Release|Win32
		{9DD8E12B-2EDA-477D-AF06-B242509CEBE9}.Release|x86.Build.0 = Release|Win32
		{71B6FC20-9336-47D7-807A-D1BED1CE9162}.Debug|x64.ActiveCfg = Debug|x64
		{71B6FC20-9336-47D7-807A-D1BED1CE9162}.Debug|x64.Build.0 = Debug|x64
		{71B6FC20-9336-47D7-807A-D1BED1CE9162}.Debug|x86.ActiveCfg = Debug|Win32
		{71B6FC20-9336-47D7-807A-D1BED1CE9162}.Debug|x86.Build.0 = Debug|Win32
		{71B6FC20-9336-47D7-807A-D1BED1CE9162}.Release|x64.ActiveCfg = Release|x64
		{71B6FC20-9336-47D7-807A-D1BED1CE9162}.Release|x64.Build.0 = Release|x64
		{71B6FC20-9336-47D7-807A-D1BED1CE9162}.Release|x86.ActiveCfg = Release|Win32
		{71B6FC20-9336-47D7-807A-D1BED1CE9162}.Release|x86.Build.0 = Release|Win32
		{F640E46D-0186-4839-98CC-25304260ABC9}.Debug|x64.ActiveCfg = Debug|x64
		{F640E46D-0186-4839-98CC-25304260ABC9}.Debug|x64.Build.0 = Debug|x64
		{F640E46D-0186-4839-98CC-25304260ABC9}.Debug|x86.ActiveCfg = Debug|Win32
		{F640E46D-0186-4839-98CC-25304260ABC9}.Debug|x86.Build.0 = Debug|Win32
		{F640E46D-0186-4839-98CC-25304260ABC9}.Release|x64.ActiveCfg = Release|x64
		{F640E46D-0186-4839-98CC-25304260ABC9}.Release|x64.Build.0 = Release|x64
		{F640E46D-0186-4839-98CC-25304260ABC9}.Release|x86.ActiveCfg = Release|Win32
		{F640E46D-0186-4839-98CC-25304260ABC9}.Release|x86.Build.0 = Release|Win32
		{0020F929-D7DB-42E3-AA1E-C98D5FED4437}.Debug|x64.ActiveCfg = Debug|x64
		{0020F929-D7DB-42E3-AA1E-C98D5FED4437}.Debug|x64.Build.0 = Debug|x64
		{0020F929-D7DB-42E3-AA1E-C98D5FED4437}.Debug|x86.ActiveCfg = Debug|Win32
		{0020F929-D7DB-42E3-AA1E-C98D5FED4437}.Debug|x86.Build.0 = Debug|Win32
		{0020F929-D7DB-42E3-AA1E-C98D5FED4437}.Release|x64.ActiveCfg = Release|x64
		{0020F929-D7DB-42E3-AA1E-C98D5FED4437}.Release|x64.Build.0 = Release|x64
		{0020F929-D7DB-42E3-AA1E-C98D5FED4437}.Release|x86.ActiveCfg = Release|Win32
		{0020F929-D7DB-42E3-AA1E-C98D5FED4437}.Release|x86.Build.0 = Release|Win32
	EndGlobalSection
	GlobalSection(SolutionProperties) = preSolution
		HideSolutionNode = FALSE
	EndGlobalSection
	GlobalSection(ExtensibilityGlobals) = postSolution
		SolutionGuid = {5490BF0A-F637-45EC-92F4-A62DC97701EF}
	EndGlobalSection
EndGlobal
